// !$*UTF8*$!
{
	archiveVersion = 1;
	classes = {
	};
	objectVersion = 48;
	objects = {

/* Begin PBXBuildFile section */
		BE4620592064EFAA00ADD7B0 /* AppDelegate.swift in Sources */ = {isa = PBXBuildFile; fileRef = BE4620582064EFAA00ADD7B0 /* AppDelegate.swift */; };
		BE46205E2064EFAA00ADD7B0 /* Main.storyboard in Resources */ = {isa = PBXBuildFile; fileRef = BE46205C2064EFAA00ADD7B0 /* Main.storyboard */; };
		BE4620602064EFAA00ADD7B0 /* Assets.xcassets in Resources */ = {isa = PBXBuildFile; fileRef = BE46205F2064EFAA00ADD7B0 /* Assets.xcassets */; };
		BE4620632064EFAA00ADD7B0 /* LaunchScreen.storyboard in Resources */ = {isa = PBXBuildFile; fileRef = BE4620612064EFAA00ADD7B0 /* LaunchScreen.storyboard */; };
		BE46206B2064F9D100ADD7B0 /* MyTableViewController.swift in Sources */ = {isa = PBXBuildFile; fileRef = BE46206A2064F9D100ADD7B0 /* MyTableViewController.swift */; };
		BE46206D2064FAAC00ADD7B0 /* MyTableViewCell.swift in Sources */ = {isa = PBXBuildFile; fileRef = BE46206C2064FAAC00ADD7B0 /* MyTableViewCell.swift */; };
/* End PBXBuildFile section */

/* Begin PBXFileReference section */
		BE4620552064EFAA00ADD7B0 /* TestOnSimpleAnimation.app */ = {isa = PBXFileReference; explicitFileType = wrapper.application; includeInIndex = 0; path = TestOnSimpleAnimation.app; sourceTree = BUILT_PRODUCTS_DIR; };
		BE4620582064EFAA00ADD7B0 /* AppDelegate.swift */ = {isa = PBXFileReference; lastKnownFileType = sourcecode.swift; path = AppDelegate.swift; sourceTree = "<group>"; };
		BE46205D2064EFAA00ADD7B0 /* Base */ = {isa = PBXFileReference; lastKnownFileType = file.storyboard; name = Base; path = Base.lproj/Main.storyboard; sourceTree = "<group>"; };
		BE46205F2064EFAA00ADD7B0 /* Assets.xcassets */ = {isa = PBXFileReference; lastKnownFileType = folder.assetcatalog; path = Assets.xcassets; sourceTree = "<group>"; };
		BE4620622064EFAA00ADD7B0 /* Base */ = {isa = PBXFileReference; lastKnownFileType = file.storyboard; name = Base; path = Base.lproj/LaunchScreen.storyboard; sourceTree = "<group>"; };
		BE4620642064EFAA00ADD7B0 /* Info.plist */ = {isa = PBXFileReference; lastKnownFileType = text.plist.xml; path = Info.plist; sourceTree = "<group>"; };
		BE46206A2064F9D100ADD7B0 /* MyTableViewController.swift */ = {isa = PBXFileReference; lastKnownFileType = sourcecode.swift; path = MyTableViewController.swift; sourceTree = "<group>"; };
		BE46206C2064FAAC00ADD7B0 /* MyTableViewCell.swift */ = {isa = PBXFileReference; lastKnownFileType = sourcecode.swift; path = MyTableViewCell.swift; sourceTree = "<group>"; };
/* End PBXFileReference section */

/* Begin PBXFrameworksBuildPhase section */
		BE4620522064EFAA00ADD7B0 /* Frameworks */ = {
			isa = PBXFrameworksBuildPhase;
			buildActionMask = 2147483647;
			files = (
			);
			runOnlyForDeploymentPostprocessing = 0;
		};
/* End PBXFrameworksBuildPhase section */

/* Begin PBXGroup section */
		BE46204C2064EFAA00ADD7B0 = {
			isa = PBXGroup;
			children = (
				BE4620572064EFAA00ADD7B0 /* TestOnSimpleAnimation */,
				BE4620562064EFAA00ADD7B0 /* Products */,
			);
			sourceTree = "<group>";
		};
		BE4620562064EFAA00ADD7B0 /* Products */ = {
			isa = PBXGroup;
			children = (
				BE4620552064EFAA00ADD7B0 /* TestOnSimpleAnimation.app */,
			);
			name = Products;
			sourceTree = "<group>";
		};
		BE4620572064EFAA00ADD7B0 /* TestOnSimpleAnimation */ = {
			isa = PBXGroup;
			children = (
				BE4620582064EFAA00ADD7B0 /* AppDelegate.swift */,
				BE46206C2064FAAC00ADD7B0 /* MyTableViewCell.swift */,
				BE46206A2064F9D100ADD7B0 /* MyTableViewController.swift */,
				BE46205C2064EFAA00ADD7B0 /* Main.storyboard */,
				BE46205F2064EFAA00ADD7B0 /* Assets.xcassets */,
				BE4620612064EFAA00ADD7B0 /* LaunchScreen.storyboard */,
				BE4620642064EFAA00ADD7B0 /* Info.plist */,
			);
			path = TestOnSimpleAnimation;
			sourceTree = "<group>";
		};
/* End PBXGroup section */

/* Begin PBXNativeTarget section */
		BE4620542064EFAA00ADD7B0 /* TestOnSimpleAnimation */ = {
			isa = PBXNativeTarget;
			buildConfigurationList = BE4620672064EFAA00ADD7B0 /* Build configuration list for PBXNativeTarget "TestOnSimpleAnimation" */;
			buildPhases = (
				BE4620512064EFAA00ADD7B0 /* Sources */,
				BE4620522064EFAA00ADD7B0 /* Frameworks */,
				BE4620532064EFAA00ADD7B0 /* Resources */,
			);
			buildRules = (
			);
			dependencies = (
			);
			name = TestOnSimpleAnimation;
			productName = TestOnSimpleAnimation;
			productReference = BE4620552064EFAA00ADD7B0 /* TestOnSimpleAnimation.app */;
			productType = "com.apple.product-type.application";
		};
/* End PBXNativeTarget section */

/* Begin PBXProject section */
		BE46204D2064EFAA00ADD7B0 /* Project object */ = {
			isa = PBXProject;
			attributes = {
				LastSwiftUpdateCheck = 0920;
				LastUpgradeCheck = 0920;
				ORGANIZATIONNAME = GIWON1;
				TargetAttributes = {
					BE4620542064EFAA00ADD7B0 = {
						CreatedOnToolsVersion = 9.2;
						ProvisioningStyle = Automatic;
					};
				};
			};
			buildConfigurationList = BE4620502064EFAA00ADD7B0 /* Build configuration list for PBXProject "TestOnSimpleAnimation" */;
			compatibilityVersion = "Xcode 8.0";
			developmentRegion = en;
			hasScannedForEncodings = 0;
			knownRegions = (
				en,
				Base,
			);
			mainGroup = BE46204C2064EFAA00ADD7B0;
			productRefGroup = BE4620562064EFAA00ADD7B0 /* Products */;
			projectDirPath = "";
			projectRoot = "";
			targets = (
				BE4620542064EFAA00ADD7B0 /* TestOnSimpleAnimation */,
			);
		};
/* End PBXProject section */

/* Begin PBXResourcesBuildPhase section */
		BE4620532064EFAA00ADD7B0 /* Resources */ = {
			isa = PBXResourcesBuildPhase;
			buildActionMask = 2147483647;
			files = (
				BE4620632064EFAA00ADD7B0 /* LaunchScreen.storyboard in Resources */,
				BE4620602064EFAA00ADD7B0 /* Assets.xcassets in Resources */,
				BE46205E2064EFAA00ADD7B0 /* Main.storyboard in Resources */,
			);
			runOnlyForDeploymentPostprocessing = 0;
		};
/* End PBXResourcesBuildPhase section */

/* Begin PBXSourcesBuildPhase section */
		BE4620512064EFAA00ADD7B0 /* Sources */ = {
			isa = PBXSourcesBuildPhase;
			buildActionMask = 2147483647;
			files = (
				BE46206B2064F9D100ADD7B0 /* MyTableViewController.swift in Sources */,
				BE4620592064EFAA00ADD7B0 /* AppDelegate.swift in Sources */,
				BE46206D2064FAAC00ADD7B0 /* MyTableViewCell.swift in Sources */,
			);
			runOnlyForDeploymentPostprocessing = 0;
		};
/* End PBXSourcesBuildPhase section */

/* Begin PBXVariantGroup section */
		BE46205C2064EFAA00ADD7B0 /* Main.storyboard */ = {
			isa = PBXVariantGroup;
			children = (
				BE46205D2064EFAA00ADD7B0 /* Base */,
			);
			name = Main.storyboard;
			sourceTree = "<group>";
		};
		BE4620612064EFAA00ADD7B0 /* LaunchScreen.storyboard */ = {
			isa = PBXVariantGroup;
			children = (
				BE4620622064EFAA00ADD7B0 /* Base */,
			);
			name = LaunchScreen.storyboard;
			sourceTree = "<group>";
		};
/* End PBXVariantGroup section */

/* Begin XCBuildConfiguration section */
		BE4620652064EFAA00ADD7B0 /* Debug */ = {
			isa = XCBuildConfiguration;
			buildSettings = {
				ALWAYS_SEARCH_USER_PATHS = NO;
				CLANG_ANALYZER_NONNULL = YES;
				CLANG_ANALYZER_NUMBER_OBJECT_CONVERSION = YES_AGGRESSIVE;
				CLANG_CXX_LANGUAGE_STANDARD = "gnu++14";
				CLANG_CXX_LIBRARY = "libc++";
				CLANG_ENABLE_MODULES = YES;
				CLANG_ENABLE_OBJC_ARC = YES;
				CLANG_WARN_BLOCK_CAPTURE_AUTORELEASING = YES;
				CLANG_WARN_BOOL_CONVERSION = YES;
				CLANG_WARN_COMMA = YES;
				CLANG_WARN_CONSTANT_CONVERSION = YES;
				CLANG_WARN_DIRECT_OBJC_ISA_USAGE = YES_ERROR;
				CLANG_WARN_DOCUMENTATION_COMMENTS = YES;
				CLANG_WARN_EMPTY_BODY = YES;
				CLANG_WARN_ENUM_CONVERSION = YES;
				CLANG_WARN_INFINITE_RECURSION = YES;
				CLANG_WARN_INT_CONVERSION = YES;
				CLANG_WARN_NON_LITERAL_NULL_CONVERSION = YES;
				CLANG_WARN_OBJC_LITERAL_CONVERSION = YES;
				CLANG_WARN_OBJC_ROOT_CLASS = YES_ERROR;
				CLANG_WARN_RANGE_LOOP_ANALYSIS = YES;
				CLANG_WARN_STRICT_PROTOTYPES = YES;
				CLANG_WARN_SUSPICIOUS_MOVE = YES;
				CLANG_WARN_UNGUARDED_AVAILABILITY = YES_AGGRESSIVE;
				CLANG_WARN_UNREACHABLE_CODE = YES;
				CLANG_WARN__DUPLICATE_METHOD_MATCH = YES;
				CODE_SIGN_IDENTITY = "iPhone Developer";
				COPY_PHASE_STRIP = NO;
				DEBUG_INFORMATION_FORMAT = dwarf;
				ENABLE_STRICT_OBJC_MSGSEND = YES;
				ENABLE_TESTABILITY = YES;
				GCC_C_LANGUAGE_STANDARD = gnu11;
				GCC_DYNAMIC_NO_PIC = NO;
				GCC_NO_COMMON_BLOCKS = YES;
				GCC_OPTIMIZATION_LEVEL = 0;
				GCC_PREPROCESSOR_DEFINITIONS = (
					"DEBUG=1",
					"$(inherited)",
				);
				GCC_WARN_64_TO_32_BIT_CONVERSION = YES;
				GCC_WARN_ABOUT_RETURN_TYPE = YES_ERROR;
				GCC_WARN_UNDECLARED_SELECTOR = YES;
				GCC_WARN_UNINITIALIZED_AUTOS = YES_AGGRESSIVE;
				GCC_WARN_UNUSED_FUNCTION = YES;
				GCC_WARN_UNUSED_VARIABLE = YES;
				IPHONEOS_DEPLOYMENT_TARGET = 11.2;
				MTL_ENABLE_DEBUG_INFO = YES;
				ONLY_ACTIVE_ARCH = YES;
				SDKROOT = iphoneos;
				SWIFT_ACTIVE_COMPILATION_CONDITIONS = DEBUG;
				SWIFT_OPTIMIZATION_LEVEL = "-Onone";
			};
			name = Debug;
		};
		BE4620662064EFAA00ADD7B0 /* Release */ = {
			isa = XCBuildConfiguration;
			buildSettings = {
				ALWAYS_SEARCH_USER_PATHS = NO;
				CLANG_ANALYZER_NONNULL = YES;
				CLANG_ANALYZER_NUMBER_OBJECT_CONVERSION = YES_AGGRESSIVE;
				CLANG_CXX_LANGUAGE_STANDARD = "gnu++14";
				CLANG_CXX_LIBRARY = "libc++";
				CLANG_ENABLE_MODULES = YES;
				CLANG_ENABLE_OBJC_ARC = YES;
				CLANG_WARN_BLOCK_CAPTURE_AUTORELEASING = YES;
				CLANG_WARN_BOOL_CONVERSION = YES;
				CLANG_WARN_COMMA = YES;
				CLANG_WARN_CONSTANT_CONVERSION = YES;
				CLANG_WARN_DIRECT_OBJC_ISA_USAGE = YES_ERROR;
				CLANG_WARN_DOCUMENTATION_COMMENTS = YES;
				CLANG_WARN_EMPTY_BODY = YES;
				CLANG_WARN_ENUM_CONVERSION = YES;
				CLANG_WARN_INFINITE_RECURSION = YES;
				CLANG_WARN_INT_CONVERSION = YES;
				CLANG_WARN_NON_LITERAL_NULL_CONVERSION = YES;
				CLANG_WARN_OBJC_LITERAL_CONVERSION = YES;
				CLANG_WARN_OBJC_ROOT_CLASS = YES_ERROR;
				CLANG_WARN_RANGE_LOOP_ANALYSIS = YES;
				CLANG_WARN_STRICT_PROTOTYPES = YES;
				CLANG_WARN_SUSPICIOUS_MOVE = YES;
				CLANG_WARN_UNGUARDED_AVAILABILITY = YES_AGGRESSIVE;
				CLANG_WARN_UNREACHABLE_CODE = YES;
				CLANG_WARN__DUPLICATE_METHOD_MATCH = YES;
				CODE_SIGN_IDENTITY = "iPhone Developer";
				COPY_PHASE_STRIP = NO;
				DEBUG_INFORMATION_FORMAT = "dwarf-with-dsym";
				ENABLE_NS_ASSERTIONS = NO;
				ENABLE_STRICT_OBJC_MSGSEND = YES;
				GCC_C_LANGUAGE_STANDARD = gnu11;
				GCC_NO_COMMON_BLOCKS = YES;
				GCC_WARN_64_TO_32_BIT_CONVERSION = YES;
				GCC_WARN_ABOUT_RETURN_TYPE = YES_ERROR;
				GCC_WARN_UNDECLARED_SELECTOR = YES;
				GCC_WARN_UNINITIALIZED_AUTOS = YES_AGGRESSIVE;
				GCC_WARN_UNUSED_FUNCTION = YES;
				GCC_WARN_UNUSED_VARIABLE = YES;
				IPHONEOS_DEPLOYMENT_TARGET = 11.2;
				MTL_ENABLE_DEBUG_INFO = NO;
				SDKROOT = iphoneos;
				SWIFT_OPTIMIZATION_LEVEL = "-Owholemodule";
				VALIDATE_PRODUCT = YES;
			};
			name = Release;
		};
		BE4620682064EFAA00ADD7B0 /* Debug */ = {
			isa = XCBuildConfiguration;
			buildSettings = {
				ASSETCATALOG_COMPILER_APPICON_NAME = AppIcon;
				CODE_SIGN_STYLE = Automatic;
				INFOPLIST_FILE = TestOnSimpleAnimation/Info.plist;
				LD_RUNPATH_SEARCH_PATHS = "$(inherited) @executable_path/Frameworks";
				PRODUCT_BUNDLE_IDENTIFIER = ssas.TestOnSimpleAnimation;
				PRODUCT_NAME = "$(TARGET_NAME)";
				SWIFT_VERSION = 4.0;
				TARGETED_DEVICE_FAMILY = "1,2";
			};
			name = Debug;
		};
		BE4620692064EFAA00ADD7B0 /* Release */ = {
			isa = XCBuildConfiguration;
			buildSettings = {
				ASSETCATALOG_COMPILER_APPICON_NAME = AppIcon;
				CODE_SIGN_STYLE = Automatic;
				INFOPLIST_FILE = TestOnSimpleAnimation/Info.plist;
				LD_RUNPATH_SEARCH_PATHS = "$(inherited) @executable_path/Frameworks";
				PRODUCT_BUNDLE_IDENTIFIER = ssas.TestOnSimpleAnimation;
				PRODUCT_NAME = "$(TARGET_NAME)";
				SWIFT_VERSION = 4.0;
				TARGETED_DEVICE_FAMILY = "1,2";
			};
			name = Release;
		};
/* End XCBuildConfiguration section */

/* Begin XCConfigurationList section */
		BE4620502064EFAA00ADD7B0 /* Build configuration list for PBXProject "TestOnSimpleAnimation" */ = {
			isa = XCConfigurationList;
			buildConfigurations = (
				BE4620652064EFAA00ADD7B0 /* Debug */,
				BE4620662064EFAA00ADD7B0 /* Release */,
			);
			defaultConfigurationIsVisible = 0;
			defaultConfigurationName = Release;
		};
		BE4620672064EFAA00ADD7B0 /* Build configuration list for PBXNativeTarget "TestOnSimpleAnimation" */ = {
			isa = XCConfigurationList;
			buildConfigurations = (
				BE4620682064EFAA00ADD7B0 /* Debug */,
				BE4620692064EFAA00ADD7B0 /* Release */,
			);
			defaultConfigurationIsVisible = 0;
			defaultConfigurationName = Release;
		};
/* End XCConfigurationList section */
	};
	rootObject = BE46204D2064EFAA00ADD7B0 /* Project object */;
}
