// !$*UTF8*$!
{
	archiveVersion = 1;
	classes = {
	};
	objectVersion = 50;
	objects = {

/* Begin PBXBuildFile section */
		EE33AA4B220FDFA400E0BE8C /* AppDelegate.swift in Sources */ = {isa = PBXBuildFile; fileRef = EE33AA4A220FDFA400E0BE8C /* AppDelegate.swift */; };
		EE33AA4D220FDFA400E0BE8C /* ViewController.swift in Sources */ = {isa = PBXBuildFile; fileRef = EE33AA4C220FDFA400E0BE8C /* ViewController.swift */; };
		EE33AA50220FDFA400E0BE8C /* Main.storyboard in Resources */ = {isa = PBXBuildFile; fileRef = EE33AA4E220FDFA400E0BE8C /* Main.storyboard */; };
		EE33AA52220FDFAA00E0BE8C /* Assets.xcassets in Resources */ = {isa = PBXBuildFile; fileRef = EE33AA51220FDFAA00E0BE8C /* Assets.xcassets */; };
		EE33AA55220FDFAA00E0BE8C /* LaunchScreen.storyboard in Resources */ = {isa = PBXBuildFile; fileRef = EE33AA53220FDFAA00E0BE8C /* LaunchScreen.storyboard */; };
/* End PBXBuildFile section */

/* Begin PBXFileReference section */
		EE33AA47220FDFA400E0BE8C /* TestsOnTransformAnimation.app */ = {isa = PBXFileReference; explicitFileType = wrapper.application; includeInIndex = 0; path = TestsOnTransformAnimation.app; sourceTree = BUILT_PRODUCTS_DIR; };
		EE33AA4A220FDFA400E0BE8C /* AppDelegate.swift */ = {isa = PBXFileReference; lastKnownFileType = sourcecode.swift; path = AppDelegate.swift; sourceTree = "<group>"; };
		EE33AA4C220FDFA400E0BE8C /* ViewController.swift */ = {isa = PBXFileReference; lastKnownFileType = sourcecode.swift; path = ViewController.swift; sourceTree = "<group>"; };
		EE33AA4F220FDFA400E0BE8C /* Base */ = {isa = PBXFileReference; lastKnownFileType = file.storyboard; name = Base; path = Base.lproj/Main.storyboard; sourceTree = "<group>"; };
		EE33AA51220FDFAA00E0BE8C /* Assets.xcassets */ = {isa = PBXFileReference; lastKnownFileType = folder.assetcatalog; path = Assets.xcassets; sourceTree = "<group>"; };
		EE33AA54220FDFAA00E0BE8C /* Base */ = {isa = PBXFileReference; lastKnownFileType = file.storyboard; name = Base; path = Base.lproj/LaunchScreen.storyboard; sourceTree = "<group>"; };
		EE33AA56220FDFAA00E0BE8C /* Info.plist */ = {isa = PBXFileReference; lastKnownFileType = text.plist.xml; path = Info.plist; sourceTree = "<group>"; };
/* End PBXFileReference section */

/* Begin PBXFrameworksBuildPhase section */
		EE33AA44220FDFA400E0BE8C /* Frameworks */ = {
			isa = PBXFrameworksBuildPhase;
			buildActionMask = 2147483647;
			files = (
			);
			runOnlyForDeploymentPostprocessing = 0;
		};
/* End PBXFrameworksBuildPhase section */

/* Begin PBXGroup section */
		EE33AA3E220FDFA400E0BE8C = {
			isa = PBXGroup;
			children = (
				EE33AA49220FDFA400E0BE8C /* TestsOnTransformAnimation */,
				EE33AA48220FDFA400E0BE8C /* Products */,
			);
			sourceTree = "<group>";
		};
		EE33AA48220FDFA400E0BE8C /* Products */ = {
			isa = PBXGroup;
			children = (
				EE33AA47220FDFA400E0BE8C /* TestsOnTransformAnimation.app */,
			);
			name = Products;
			sourceTree = "<group>";
		};
		EE33AA49220FDFA400E0BE8C /* TestsOnTransformAnimation */ = {
			isa = PBXGroup;
			children = (
				EE33AA4A220FDFA400E0BE8C /* AppDelegate.swift */,
				EE33AA4C220FDFA400E0BE8C /* ViewController.swift */,
				EE33AA4E220FDFA400E0BE8C /* Main.storyboard */,
				EE33AA51220FDFAA00E0BE8C /* Assets.xcassets */,
				EE33AA53220FDFAA00E0BE8C /* LaunchScreen.storyboard */,
				EE33AA56220FDFAA00E0BE8C /* Info.plist */,
			);
			path = TestsOnTransformAnimation;
			sourceTree = "<group>";
		};
/* End PBXGroup section */

/* Begin PBXNativeTarget section */
		EE33AA46220FDFA400E0BE8C /* TestsOnTransformAnimation */ = {
			isa = PBXNativeTarget;
			buildConfigurationList = EE33AA59220FDFAA00E0BE8C /* Build configuration list for PBXNativeTarget "TestsOnTransformAnimation" */;
			buildPhases = (
				EE33AA43220FDFA400E0BE8C /* Sources */,
				EE33AA44220FDFA400E0BE8C /* Frameworks */,
				EE33AA45220FDFA400E0BE8C /* Resources */,
			);
			buildRules = (
			);
			dependencies = (
			);
			name = TestsOnTransformAnimation;
			productName = TestsOnTransformAnimation;
			productReference = EE33AA47220FDFA400E0BE8C /* TestsOnTransformAnimation.app */;
			productType = "com.apple.product-type.application";
		};
/* End PBXNativeTarget section */

/* Begin PBXProject section */
		EE33AA3F220FDFA400E0BE8C /* Project object */ = {
			isa = PBXProject;
			attributes = {
				LastSwiftUpdateCheck = 1010;
				LastUpgradeCheck = 1010;
				ORGANIZATIONNAME = SeoGiwon;
				TargetAttributes = {
					EE33AA46220FDFA400E0BE8C = {
						CreatedOnToolsVersion = 10.1;
					};
				};
			};
			buildConfigurationList = EE33AA42220FDFA400E0BE8C /* Build configuration list for PBXProject "TestsOnTransformAnimation" */;
			compatibilityVersion = "Xcode 9.3";
			developmentRegion = en;
			hasScannedForEncodings = 0;
			knownRegions = (
				en,
				Base,
			);
			mainGroup = EE33AA3E220FDFA400E0BE8C;
			productRefGroup = EE33AA48220FDFA400E0BE8C /* Products */;
			projectDirPath = "";
			projectRoot = "";
			targets = (
				EE33AA46220FDFA400E0BE8C /* TestsOnTransformAnimation */,
			);
		};
/* End PBXProject section */

/* Begin PBXResourcesBuildPhase section */
		EE33AA45220FDFA400E0BE8C /* Resources */ = {
			isa = PBXResourcesBuildPhase;
			buildActionMask = 2147483647;
			files = (
				EE33AA55220FDFAA00E0BE8C /* LaunchScreen.storyboard in Resources */,
				EE33AA52220FDFAA00E0BE8C /* Assets.xcassets in Resources */,
				EE33AA50220FDFA400E0BE8C /* Main.storyboard in Resources */,
			);
			runOnlyForDeploymentPostprocessing = 0;
		};
/* End PBXResourcesBuildPhase section */

/* Begin PBXSourcesBuildPhase section */
		EE33AA43220FDFA400E0BE8C /* Sources */ = {
			isa = PBXSourcesBuildPhase;
			buildActionMask = 2147483647;
			files = (
				EE33AA4D220FDFA400E0BE8C /* ViewController.swift in Sources */,
				EE33AA4B220FDFA400E0BE8C /* AppDelegate.swift in Sources */,
			);
			runOnlyForDeploymentPostprocessing = 0;
		};
/* End PBXSourcesBuildPhase section */

/* Begin PBXVariantGroup section */
		EE33AA4E220FDFA400E0BE8C /* Main.storyboard */ = {
			isa = PBXVariantGroup;
			children = (
				EE33AA4F220FDFA400E0BE8C /* Base */,
			);
			name = Main.storyboard;
			sourceTree = "<group>";
		};
		EE33AA53220FDFAA00E0BE8C /* LaunchScreen.storyboard */ = {
			isa = PBXVariantGroup;
			children = (
				EE33AA54220FDFAA00E0BE8C /* Base */,
			);
			name = LaunchScreen.storyboard;
			sourceTree = "<group>";
		};
/* End PBXVariantGroup section */

/* Begin XCBuildConfiguration section */
		EE33AA57220FDFAA00E0BE8C /* Debug */ = {
			isa = XCBuildConfiguration;
			buildSettings = {
				ALWAYS_SEARCH_USER_PATHS = NO;
				CLANG_ANALYZER_NONNULL = YES;
				CLANG_ANALYZER_NUMBER_OBJECT_CONVERSION = YES_AGGRESSIVE;
				CLANG_CXX_LANGUAGE_STANDARD = "gnu++14";
				CLANG_CXX_LIBRARY = "libc++";
				CLANG_ENABLE_MODULES = YES;
				CLANG_ENABLE_OBJC_ARC = YES;
				CLANG_ENABLE_OBJC_WEAK = YES;
				CLANG_WARN_BLOCK_CAPTURE_AUTORELEASING = YES;
				CLANG_WARN_BOOL_CONVERSION = YES;
				CLANG_WARN_COMMA = YES;
				CLANG_WARN_CONSTANT_CONVERSION = YES;
				CLANG_WARN_DEPRECATED_OBJC_IMPLEMENTATIONS = YES;
				CLANG_WARN_DIRECT_OBJC_ISA_USAGE = YES_ERROR;
				CLANG_WARN_DOCUMENTATION_COMMENTS = YES;
				CLANG_WARN_EMPTY_BODY = YES;
				CLANG_WARN_ENUM_CONVERSION = YES;
				CLANG_WARN_INFINITE_RECURSION = YES;
				CLANG_WARN_INT_CONVERSION = YES;
				CLANG_WARN_NON_LITERAL_NULL_CONVERSION = YES;
				CLANG_WARN_OBJC_IMPLICIT_RETAIN_SELF = YES;
				CLANG_WARN_OBJC_LITERAL_CONVERSION = YES;
				CLANG_WARN_OBJC_ROOT_CLASS = YES_ERROR;
				CLANG_WARN_RANGE_LOOP_ANALYSIS = YES;
				CLANG_WARN_STRICT_PROTOTYPES = YES;
				CLANG_WARN_SUSPICIOUS_MOVE = YES;
				CLANG_WARN_UNGUARDED_AVAILABILITY = YES_AGGRESSIVE;
				CLANG_WARN_UNREACHABLE_CODE = YES;
				CLANG_WARN__DUPLICATE_METHOD_MATCH = YES;
				CODE_SIGN_IDENTITY = "iPhone Developer";
				COPY_PHASE_STRIP = NO;
				DEBUG_INFORMATION_FORMAT = dwarf;
				ENABLE_STRICT_OBJC_MSGSEND = YES;
				ENABLE_TESTABILITY = YES;
				GCC_C_LANGUAGE_STANDARD = gnu11;
				GCC_DYNAMIC_NO_PIC = NO;
				GCC_NO_COMMON_BLOCKS = YES;
				GCC_OPTIMIZATION_LEVEL = 0;
				GCC_PREPROCESSOR_DEFINITIONS = (
					"DEBUG=1",
					"$(inherited)",
				);
				GCC_WARN_64_TO_32_BIT_CONVERSION = YES;
				GCC_WARN_ABOUT_RETURN_TYPE = YES_ERROR;
				GCC_WARN_UNDECLARED_SELECTOR = YES;
				GCC_WARN_UNINITIALIZED_AUTOS = YES_AGGRESSIVE;
				GCC_WARN_UNUSED_FUNCTION = YES;
				GCC_WARN_UNUSED_VARIABLE = YES;
				IPHONEOS_DEPLOYMENT_TARGET = 12.1;
				MTL_ENABLE_DEBUG_INFO = INCLUDE_SOURCE;
				MTL_FAST_MATH = YES;
				ONLY_ACTIVE_ARCH = YES;
				SDKROOT = iphoneos;
				SWIFT_ACTIVE_COMPILATION_CONDITIONS = DEBUG;
				SWIFT_OPTIMIZATION_LEVEL = "-Onone";
			};
			name = Debug;
		};
		EE33AA58220FDFAA00E0BE8C /* Release */ = {
			isa = XCBuildConfiguration;
			buildSettings = {
				ALWAYS_SEARCH_USER_PATHS = NO;
				CLANG_ANALYZER_NONNULL = YES;
				CLANG_ANALYZER_NUMBER_OBJECT_CONVERSION = YES_AGGRESSIVE;
				CLANG_CXX_LANGUAGE_STANDARD = "gnu++14";
				CLANG_CXX_LIBRARY = "libc++";
				CLANG_ENABLE_MODULES = YES;
				CLANG_ENABLE_OBJC_ARC = YES;
				CLANG_ENABLE_OBJC_WEAK = YES;
				CLANG_WARN_BLOCK_CAPTURE_AUTORELEASING = YES;
				CLANG_WARN_BOOL_CONVERSION = YES;
				CLANG_WARN_COMMA = YES;
				CLANG_WARN_CONSTANT_CONVERSION = YES;
				CLANG_WARN_DEPRECATED_OBJC_IMPLEMENTATIONS = YES;
				CLANG_WARN_DIRECT_OBJC_ISA_USAGE = YES_ERROR;
				CLANG_WARN_DOCUMENTATION_COMMENTS = YES;
				CLANG_WARN_EMPTY_BODY = YES;
				CLANG_WARN_ENUM_CONVERSION = YES;
				CLANG_WARN_INFINITE_RECURSION = YES;
				CLANG_WARN_INT_CONVERSION = YES;
				CLANG_WARN_NON_LITERAL_NULL_CONVERSION = YES;
				CLANG_WARN_OBJC_IMPLICIT_RETAIN_SELF = YES;
				CLANG_WARN_OBJC_LITERAL_CONVERSION = YES;
				CLANG_WARN_OBJC_ROOT_CLASS = YES_ERROR;
				CLANG_WARN_RANGE_LOOP_ANALYSIS = YES;
				CLANG_WARN_STRICT_PROTOTYPES = YES;
				CLANG_WARN_SUSPICIOUS_MOVE = YES;
				CLANG_WARN_UNGUARDED_AVAILABILITY = YES_AGGRESSIVE;
				CLANG_WARN_UNREACHABLE_CODE = YES;
				CLANG_WARN__DUPLICATE_METHOD_MATCH = YES;
				CODE_SIGN_IDENTITY = "iPhone Developer";
				COPY_PHASE_STRIP = NO;
				DEBUG_INFORMATION_FORMAT = "dwarf-with-dsym";
				ENABLE_NS_ASSERTIONS = NO;
				ENABLE_STRICT_OBJC_MSGSEND = YES;
				GCC_C_LANGUAGE_STANDARD = gnu11;
				GCC_NO_COMMON_BLOCKS = YES;
				GCC_WARN_64_TO_32_BIT_CONVERSION = YES;
				GCC_WARN_ABOUT_RETURN_TYPE = YES_ERROR;
				GCC_WARN_UNDECLARED_SELECTOR = YES;
				GCC_WARN_UNINITIALIZED_AUTOS = YES_AGGRESSIVE;
				GCC_WARN_UNUSED_FUNCTION = YES;
				GCC_WARN_UNUSED_VARIABLE = YES;
				IPHONEOS_DEPLOYMENT_TARGET = 12.1;
				MTL_ENABLE_DEBUG_INFO = NO;
				MTL_FAST_MATH = YES;
				SDKROOT = iphoneos;
				SWIFT_COMPILATION_MODE = wholemodule;
				SWIFT_OPTIMIZATION_LEVEL = "-O";
				VALIDATE_PRODUCT = YES;
			};
			name = Release;
		};
		EE33AA5A220FDFAA00E0BE8C /* Debug */ = {
			isa = XCBuildConfiguration;
			buildSettings = {
				ASSETCATALOG_COMPILER_APPICON_NAME = AppIcon;
				CODE_SIGN_STYLE = Automatic;
				DEVELOPMENT_TEAM = 8LSJUN2G6D;
				INFOPLIST_FILE = TestsOnTransformAnimation/Info.plist;
				LD_RUNPATH_SEARCH_PATHS = (
					"$(inherited)",
					"@executable_path/Frameworks",
				);
				PRODUCT_BUNDLE_IDENTIFIER = softv.TestsOnTransformAnimation;
				PRODUCT_NAME = "$(TARGET_NAME)";
				SWIFT_VERSION = 4.2;
				TARGETED_DEVICE_FAMILY = "1,2";
			};
			name = Debug;
		};
		EE33AA5B220FDFAA00E0BE8C /* Release */ = {
			isa = XCBuildConfiguration;
			buildSettings = {
				ASSETCATALOG_COMPILER_APPICON_NAME = AppIcon;
				CODE_SIGN_STYLE = Automatic;
				DEVELOPMENT_TEAM = 8LSJUN2G6D;
				INFOPLIST_FILE = TestsOnTransformAnimation/Info.plist;
				LD_RUNPATH_SEARCH_PATHS = (
					"$(inherited)",
					"@executable_path/Frameworks",
				);
				PRODUCT_BUNDLE_IDENTIFIER = softv.TestsOnTransformAnimation;
				PRODUCT_NAME = "$(TARGET_NAME)";
				SWIFT_VERSION = 4.2;
				TARGETED_DEVICE_FAMILY = "1,2";
			};
			name = Release;
		};
/* End XCBuildConfiguration section */

/* Begin XCConfigurationList section */
		EE33AA42220FDFA400E0BE8C /* Build configuration list for PBXProject "TestsOnTransformAnimation" */ = {
			isa = XCConfigurationList;
			buildConfigurations = (
				EE33AA57220FDFAA00E0BE8C /* Debug */,
				EE33AA58220FDFAA00E0BE8C /* Release */,
			);
			defaultConfigurationIsVisible = 0;
			defaultConfigurationName = Release;
		};
		EE33AA59220FDFAA00E0BE8C /* Build configuration list for PBXNativeTarget "TestsOnTransformAnimation" */ = {
			isa = XCConfigurationList;
			buildConfigurations = (
				EE33AA5A220FDFAA00E0BE8C /* Debug */,
				EE33AA5B220FDFAA00E0BE8C /* Release */,
			);
			defaultConfigurationIsVisible = 0;
			defaultConfigurationName = Release;
		};
/* End XCConfigurationList section */
	};
	rootObject = EE33AA3F220FDFA400E0BE8C /* Project object */;
}
