// !$*UTF8*$!
{
	archiveVersion = 1;
	classes = {
	};
	objectVersion = 48;
	objects = {

/* Begin PBXBuildFile section */
		EE3D6BC32054DBCD00DD61F3 /* AppDelegate.swift in Sources */ = {isa = PBXBuildFile; fileRef = EE3D6BC22054DBCD00DD61F3 /* AppDelegate.swift */; };
		EE3D6BC52054DBCD00DD61F3 /* ViewController.swift in Sources */ = {isa = PBXBuildFile; fileRef = EE3D6BC42054DBCD00DD61F3 /* ViewController.swift */; };
		EE3D6BC82054DBCD00DD61F3 /* Main.storyboard in Resources */ = {isa = PBXBuildFile; fileRef = EE3D6BC62054DBCD00DD61F3 /* Main.storyboard */; };
		EE3D6BCA2054DBCD00DD61F3 /* Assets.xcassets in Resources */ = {isa = PBXBuildFile; fileRef = EE3D6BC92054DBCD00DD61F3 /* Assets.xcassets */; };
		EE3D6BCD2054DBCD00DD61F3 /* LaunchScreen.storyboard in Resources */ = {isa = PBXBuildFile; fileRef = EE3D6BCB2054DBCD00DD61F3 /* LaunchScreen.storyboard */; };
		EE3D6BDC2054DDB200DD61F3 /* sample1.jpg in Resources */ = {isa = PBXBuildFile; fileRef = EE3D6BD42054DDB100DD61F3 /* sample1.jpg */; };
		EE3D6BDD2054DDB200DD61F3 /* sample5.jpg in Resources */ = {isa = PBXBuildFile; fileRef = EE3D6BD52054DDB100DD61F3 /* sample5.jpg */; };
		EE3D6BDE2054DDB200DD61F3 /* sample2.jpg in Resources */ = {isa = PBXBuildFile; fileRef = EE3D6BD62054DDB100DD61F3 /* sample2.jpg */; };
		EE3D6BDF2054DDB200DD61F3 /* sample6.jpg in Resources */ = {isa = PBXBuildFile; fileRef = EE3D6BD72054DDB100DD61F3 /* sample6.jpg */; };
		EE3D6BE02054DDB200DD61F3 /* sample4.jpg in Resources */ = {isa = PBXBuildFile; fileRef = EE3D6BD82054DDB100DD61F3 /* sample4.jpg */; };
		EE3D6BE12054DDB200DD61F3 /* sample3.jpg in Resources */ = {isa = PBXBuildFile; fileRef = EE3D6BD92054DDB100DD61F3 /* sample3.jpg */; };
		EE3D6BE22054DDB200DD61F3 /* sample8.jpg in Resources */ = {isa = PBXBuildFile; fileRef = EE3D6BDA2054DDB100DD61F3 /* sample8.jpg */; };
		EE3D6BE32054DDB200DD61F3 /* sample7.jpg in Resources */ = {isa = PBXBuildFile; fileRef = EE3D6BDB2054DDB200DD61F3 /* sample7.jpg */; };
/* End PBXBuildFile section */

/* Begin PBXFileReference section */
		EE3D6BBF2054DBCD00DD61F3 /* TestOnURLSessionOperationQueue.app */ = {isa = PBXFileReference; explicitFileType = wrapper.application; includeInIndex = 0; path = TestOnURLSessionOperationQueue.app; sourceTree = BUILT_PRODUCTS_DIR; };
		EE3D6BC22054DBCD00DD61F3 /* AppDelegate.swift */ = {isa = PBXFileReference; lastKnownFileType = sourcecode.swift; path = AppDelegate.swift; sourceTree = "<group>"; };
		EE3D6BC42054DBCD00DD61F3 /* ViewController.swift */ = {isa = PBXFileReference; lastKnownFileType = sourcecode.swift; path = ViewController.swift; sourceTree = "<group>"; };
		EE3D6BC72054DBCD00DD61F3 /* Base */ = {isa = PBXFileReference; lastKnownFileType = file.storyboard; name = Base; path = Base.lproj/Main.storyboard; sourceTree = "<group>"; };
		EE3D6BC92054DBCD00DD61F3 /* Assets.xcassets */ = {isa = PBXFileReference; lastKnownFileType = folder.assetcatalog; path = Assets.xcassets; sourceTree = "<group>"; };
		EE3D6BCC2054DBCD00DD61F3 /* Base */ = {isa = PBXFileReference; lastKnownFileType = file.storyboard; name = Base; path = Base.lproj/LaunchScreen.storyboard; sourceTree = "<group>"; };
		EE3D6BCE2054DBCD00DD61F3 /* Info.plist */ = {isa = PBXFileReference; lastKnownFileType = text.plist.xml; path = Info.plist; sourceTree = "<group>"; };
		EE3D6BD42054DDB100DD61F3 /* sample1.jpg */ = {isa = PBXFileReference; lastKnownFileType = image.jpeg; path = sample1.jpg; sourceTree = "<group>"; };
		EE3D6BD52054DDB100DD61F3 /* sample5.jpg */ = {isa = PBXFileReference; lastKnownFileType = image.jpeg; path = sample5.jpg; sourceTree = "<group>"; };
		EE3D6BD62054DDB100DD61F3 /* sample2.jpg */ = {isa = PBXFileReference; lastKnownFileType = image.jpeg; path = sample2.jpg; sourceTree = "<group>"; };
		EE3D6BD72054DDB100DD61F3 /* sample6.jpg */ = {isa = PBXFileReference; lastKnownFileType = image.jpeg; path = sample6.jpg; sourceTree = "<group>"; };
		EE3D6BD82054DDB100DD61F3 /* sample4.jpg */ = {isa = PBXFileReference; lastKnownFileType = image.jpeg; path = sample4.jpg; sourceTree = "<group>"; };
		EE3D6BD92054DDB100DD61F3 /* sample3.jpg */ = {isa = PBXFileReference; lastKnownFileType = image.jpeg; path = sample3.jpg; sourceTree = "<group>"; };
		EE3D6BDA2054DDB100DD61F3 /* sample8.jpg */ = {isa = PBXFileReference; lastKnownFileType = image.jpeg; path = sample8.jpg; sourceTree = "<group>"; };
		EE3D6BDB2054DDB200DD61F3 /* sample7.jpg */ = {isa = PBXFileReference; lastKnownFileType = image.jpeg; path = sample7.jpg; sourceTree = "<group>"; };
/* End PBXFileReference section */

/* Begin PBXFrameworksBuildPhase section */
		EE3D6BBC2054DBCD00DD61F3 /* Frameworks */ = {
			isa = PBXFrameworksBuildPhase;
			buildActionMask = 2147483647;
			files = (
			);
			runOnlyForDeploymentPostprocessing = 0;
		};
/* End PBXFrameworksBuildPhase section */

/* Begin PBXGroup section */
		EE3D6BB62054DBCD00DD61F3 = {
			isa = PBXGroup;
			children = (
				EE3D6BC12054DBCD00DD61F3 /* TestOnURLSessionOperationQueue */,
				EE3D6BC02054DBCD00DD61F3 /* Products */,
			);
			sourceTree = "<group>";
		};
		EE3D6BC02054DBCD00DD61F3 /* Products */ = {
			isa = PBXGroup;
			children = (
				EE3D6BBF2054DBCD00DD61F3 /* TestOnURLSessionOperationQueue.app */,
			);
			name = Products;
			sourceTree = "<group>";
		};
		EE3D6BC12054DBCD00DD61F3 /* TestOnURLSessionOperationQueue */ = {
			isa = PBXGroup;
			children = (
				EE3D6BD42054DDB100DD61F3 /* sample1.jpg */,
				EE3D6BD62054DDB100DD61F3 /* sample2.jpg */,
				EE3D6BD92054DDB100DD61F3 /* sample3.jpg */,
				EE3D6BD82054DDB100DD61F3 /* sample4.jpg */,
				EE3D6BD52054DDB100DD61F3 /* sample5.jpg */,
				EE3D6BD72054DDB100DD61F3 /* sample6.jpg */,
				EE3D6BDB2054DDB200DD61F3 /* sample7.jpg */,
				EE3D6BDA2054DDB100DD61F3 /* sample8.jpg */,
				EE3D6BC22054DBCD00DD61F3 /* AppDelegate.swift */,
				EE3D6BC42054DBCD00DD61F3 /* ViewController.swift */,
				EE3D6BC62054DBCD00DD61F3 /* Main.storyboard */,
				EE3D6BC92054DBCD00DD61F3 /* Assets.xcassets */,
				EE3D6BCB2054DBCD00DD61F3 /* LaunchScreen.storyboard */,
				EE3D6BCE2054DBCD00DD61F3 /* Info.plist */,
			);
			path = TestOnURLSessionOperationQueue;
			sourceTree = "<group>";
		};
/* End PBXGroup section */

/* Begin PBXNativeTarget section */
		EE3D6BBE2054DBCD00DD61F3 /* TestOnURLSessionOperationQueue */ = {
			isa = PBXNativeTarget;
			buildConfigurationList = EE3D6BD12054DBCD00DD61F3 /* Build configuration list for PBXNativeTarget "TestOnURLSessionOperationQueue" */;
			buildPhases = (
				EE3D6BBB2054DBCD00DD61F3 /* Sources */,
				EE3D6BBC2054DBCD00DD61F3 /* Frameworks */,
				EE3D6BBD2054DBCD00DD61F3 /* Resources */,
			);
			buildRules = (
			);
			dependencies = (
			);
			name = TestOnURLSessionOperationQueue;
			productName = TestOnURLSessionOperationQueue;
			productReference = EE3D6BBF2054DBCD00DD61F3 /* TestOnURLSessionOperationQueue.app */;
			productType = "com.apple.product-type.application";
		};
/* End PBXNativeTarget section */

/* Begin PBXProject section */
		EE3D6BB72054DBCD00DD61F3 /* Project object */ = {
			isa = PBXProject;
			attributes = {
				LastSwiftUpdateCheck = 0910;
				LastUpgradeCheck = 0910;
				ORGANIZATIONNAME = SeoGiwon;
				TargetAttributes = {
					EE3D6BBE2054DBCD00DD61F3 = {
						CreatedOnToolsVersion = 9.1;
						ProvisioningStyle = Automatic;
					};
				};
			};
			buildConfigurationList = EE3D6BBA2054DBCD00DD61F3 /* Build configuration list for PBXProject "TestOnURLSessionOperationQueue" */;
			compatibilityVersion = "Xcode 8.0";
			developmentRegion = en;
			hasScannedForEncodings = 0;
			knownRegions = (
				en,
				Base,
			);
			mainGroup = EE3D6BB62054DBCD00DD61F3;
			productRefGroup = EE3D6BC02054DBCD00DD61F3 /* Products */;
			projectDirPath = "";
			projectRoot = "";
			targets = (
				EE3D6BBE2054DBCD00DD61F3 /* TestOnURLSessionOperationQueue */,
			);
		};
/* End PBXProject section */

/* Begin PBXResourcesBuildPhase section */
		EE3D6BBD2054DBCD00DD61F3 /* Resources */ = {
			isa = PBXResourcesBuildPhase;
			buildActionMask = 2147483647;
			files = (
				EE3D6BE02054DDB200DD61F3 /* sample4.jpg in Resources */,
				EE3D6BCD2054DBCD00DD61F3 /* LaunchScreen.storyboard in Resources */,
				EE3D6BE12054DDB200DD61F3 /* sample3.jpg in Resources */,
				EE3D6BE32054DDB200DD61F3 /* sample7.jpg in Resources */,
				EE3D6BDC2054DDB200DD61F3 /* sample1.jpg in Resources */,
				EE3D6BDE2054DDB200DD61F3 /* sample2.jpg in Resources */,
				EE3D6BCA2054DBCD00DD61F3 /* Assets.xcassets in Resources */,
				EE3D6BE22054DDB200DD61F3 /* sample8.jpg in Resources */,
				EE3D6BDF2054DDB200DD61F3 /* sample6.jpg in Resources */,
				EE3D6BC82054DBCD00DD61F3 /* Main.storyboard in Resources */,
				EE3D6BDD2054DDB200DD61F3 /* sample5.jpg in Resources */,
			);
			runOnlyForDeploymentPostprocessing = 0;
		};
/* End PBXResourcesBuildPhase section */

/* Begin PBXSourcesBuildPhase section */
		EE3D6BBB2054DBCD00DD61F3 /* Sources */ = {
			isa = PBXSourcesBuildPhase;
			buildActionMask = 2147483647;
			files = (
				EE3D6BC52054DBCD00DD61F3 /* ViewController.swift in Sources */,
				EE3D6BC32054DBCD00DD61F3 /* AppDelegate.swift in Sources */,
			);
			runOnlyForDeploymentPostprocessing = 0;
		};
/* End PBXSourcesBuildPhase section */

/* Begin PBXVariantGroup section */
		EE3D6BC62054DBCD00DD61F3 /* Main.storyboard */ = {
			isa = PBXVariantGroup;
			children = (
				EE3D6BC72054DBCD00DD61F3 /* Base */,
			);
			name = Main.storyboard;
			sourceTree = "<group>";
		};
		EE3D6BCB2054DBCD00DD61F3 /* LaunchScreen.storyboard */ = {
			isa = PBXVariantGroup;
			children = (
				EE3D6BCC2054DBCD00DD61F3 /* Base */,
			);
			name = LaunchScreen.storyboard;
			sourceTree = "<group>";
		};
/* End PBXVariantGroup section */

/* Begin XCBuildConfiguration section */
		EE3D6BCF2054DBCD00DD61F3 /* Debug */ = {
			isa = XCBuildConfiguration;
			buildSettings = {
				ALWAYS_SEARCH_USER_PATHS = NO;
				CLANG_ANALYZER_NONNULL = YES;
				CLANG_ANALYZER_NUMBER_OBJECT_CONVERSION = YES_AGGRESSIVE;
				CLANG_CXX_LANGUAGE_STANDARD = "gnu++14";
				CLANG_CXX_LIBRARY = "libc++";
				CLANG_ENABLE_MODULES = YES;
				CLANG_ENABLE_OBJC_ARC = YES;
				CLANG_WARN_BLOCK_CAPTURE_AUTORELEASING = YES;
				CLANG_WARN_BOOL_CONVERSION = YES;
				CLANG_WARN_COMMA = YES;
				CLANG_WARN_CONSTANT_CONVERSION = YES;
				CLANG_WARN_DIRECT_OBJC_ISA_USAGE = YES_ERROR;
				CLANG_WARN_DOCUMENTATION_COMMENTS = YES;
				CLANG_WARN_EMPTY_BODY = YES;
				CLANG_WARN_ENUM_CONVERSION = YES;
				CLANG_WARN_INFINITE_RECURSION = YES;
				CLANG_WARN_INT_CONVERSION = YES;
				CLANG_WARN_NON_LITERAL_NULL_CONVERSION = YES;
				CLANG_WARN_OBJC_LITERAL_CONVERSION = YES;
				CLANG_WARN_OBJC_ROOT_CLASS = YES_ERROR;
				CLANG_WARN_RANGE_LOOP_ANALYSIS = YES;
				CLANG_WARN_STRICT_PROTOTYPES = YES;
				CLANG_WARN_SUSPICIOUS_MOVE = YES;
				CLANG_WARN_UNGUARDED_AVAILABILITY = YES_AGGRESSIVE;
				CLANG_WARN_UNREACHABLE_CODE = YES;
				CLANG_WARN__DUPLICATE_METHOD_MATCH = YES;
				CODE_SIGN_IDENTITY = "iPhone Developer";
				COPY_PHASE_STRIP = NO;
				DEBUG_INFORMATION_FORMAT = dwarf;
				ENABLE_STRICT_OBJC_MSGSEND = YES;
				ENABLE_TESTABILITY = YES;
				GCC_C_LANGUAGE_STANDARD = gnu11;
				GCC_DYNAMIC_NO_PIC = NO;
				GCC_NO_COMMON_BLOCKS = YES;
				GCC_OPTIMIZATION_LEVEL = 0;
				GCC_PREPROCESSOR_DEFINITIONS = (
					"DEBUG=1",
					"$(inherited)",
				);
				GCC_WARN_64_TO_32_BIT_CONVERSION = YES;
				GCC_WARN_ABOUT_RETURN_TYPE = YES_ERROR;
				GCC_WARN_UNDECLARED_SELECTOR = YES;
				GCC_WARN_UNINITIALIZED_AUTOS = YES_AGGRESSIVE;
				GCC_WARN_UNUSED_FUNCTION = YES;
				GCC_WARN_UNUSED_VARIABLE = YES;
				IPHONEOS_DEPLOYMENT_TARGET = 11.1;
				MTL_ENABLE_DEBUG_INFO = YES;
				ONLY_ACTIVE_ARCH = YES;
				SDKROOT = iphoneos;
				SWIFT_ACTIVE_COMPILATION_CONDITIONS = DEBUG;
				SWIFT_OPTIMIZATION_LEVEL = "-Onone";
			};
			name = Debug;
		};
		EE3D6BD02054DBCD00DD61F3 /* Release */ = {
			isa = XCBuildConfiguration;
			buildSettings = {
				ALWAYS_SEARCH_USER_PATHS = NO;
				CLANG_ANALYZER_NONNULL = YES;
				CLANG_ANALYZER_NUMBER_OBJECT_CONVERSION = YES_AGGRESSIVE;
				CLANG_CXX_LANGUAGE_STANDARD = "gnu++14";
				CLANG_CXX_LIBRARY = "libc++";
				CLANG_ENABLE_MODULES = YES;
				CLANG_ENABLE_OBJC_ARC = YES;
				CLANG_WARN_BLOCK_CAPTURE_AUTORELEASING = YES;
				CLANG_WARN_BOOL_CONVERSION = YES;
				CLANG_WARN_COMMA = YES;
				CLANG_WARN_CONSTANT_CONVERSION = YES;
				CLANG_WARN_DIRECT_OBJC_ISA_USAGE = YES_ERROR;
				CLANG_WARN_DOCUMENTATION_COMMENTS = YES;
				CLANG_WARN_EMPTY_BODY = YES;
				CLANG_WARN_ENUM_CONVERSION = YES;
				CLANG_WARN_INFINITE_RECURSION = YES;
				CLANG_WARN_INT_CONVERSION = YES;
				CLANG_WARN_NON_LITERAL_NULL_CONVERSION = YES;
				CLANG_WARN_OBJC_LITERAL_CONVERSION = YES;
				CLANG_WARN_OBJC_ROOT_CLASS = YES_ERROR;
				CLANG_WARN_RANGE_LOOP_ANALYSIS = YES;
				CLANG_WARN_STRICT_PROTOTYPES = YES;
				CLANG_WARN_SUSPICIOUS_MOVE = YES;
				CLANG_WARN_UNGUARDED_AVAILABILITY = YES_AGGRESSIVE;
				CLANG_WARN_UNREACHABLE_CODE = YES;
				CLANG_WARN__DUPLICATE_METHOD_MATCH = YES;
				CODE_SIGN_IDENTITY = "iPhone Developer";
				COPY_PHASE_STRIP = NO;
				DEBUG_INFORMATION_FORMAT = "dwarf-with-dsym";
				ENABLE_NS_ASSERTIONS = NO;
				ENABLE_STRICT_OBJC_MSGSEND = YES;
				GCC_C_LANGUAGE_STANDARD = gnu11;
				GCC_NO_COMMON_BLOCKS = YES;
				GCC_WARN_64_TO_32_BIT_CONVERSION = YES;
				GCC_WARN_ABOUT_RETURN_TYPE = YES_ERROR;
				GCC_WARN_UNDECLARED_SELECTOR = YES;
				GCC_WARN_UNINITIALIZED_AUTOS = YES_AGGRESSIVE;
				GCC_WARN_UNUSED_FUNCTION = YES;
				GCC_WARN_UNUSED_VARIABLE = YES;
				IPHONEOS_DEPLOYMENT_TARGET = 11.1;
				MTL_ENABLE_DEBUG_INFO = NO;
				SDKROOT = iphoneos;
				SWIFT_OPTIMIZATION_LEVEL = "-Owholemodule";
				VALIDATE_PRODUCT = YES;
			};
			name = Release;
		};
		EE3D6BD22054DBCD00DD61F3 /* Debug */ = {
			isa = XCBuildConfiguration;
			buildSettings = {
				ASSETCATALOG_COMPILER_APPICON_NAME = AppIcon;
				CODE_SIGN_STYLE = Automatic;
				DEVELOPMENT_TEAM = 8LSJUN2G6D;
				INFOPLIST_FILE = TestOnURLSessionOperationQueue/Info.plist;
				LD_RUNPATH_SEARCH_PATHS = "$(inherited) @executable_path/Frameworks";
				PRODUCT_BUNDLE_IDENTIFIER = softv.TestOnURLSessionOperationQueue;
				PRODUCT_NAME = "$(TARGET_NAME)";
				SWIFT_VERSION = 4.0;
				TARGETED_DEVICE_FAMILY = "1,2";
			};
			name = Debug;
		};
		EE3D6BD32054DBCD00DD61F3 /* Release */ = {
			isa = XCBuildConfiguration;
			buildSettings = {
				ASSETCATALOG_COMPILER_APPICON_NAME = AppIcon;
				CODE_SIGN_STYLE = Automatic;
				DEVELOPMENT_TEAM = 8LSJUN2G6D;
				INFOPLIST_FILE = TestOnURLSessionOperationQueue/Info.plist;
				LD_RUNPATH_SEARCH_PATHS = "$(inherited) @executable_path/Frameworks";
				PRODUCT_BUNDLE_IDENTIFIER = softv.TestOnURLSessionOperationQueue;
				PRODUCT_NAME = "$(TARGET_NAME)";
				SWIFT_VERSION = 4.0;
				TARGETED_DEVICE_FAMILY = "1,2";
			};
			name = Release;
		};
/* End XCBuildConfiguration section */

/* Begin XCConfigurationList section */
		EE3D6BBA2054DBCD00DD61F3 /* Build configuration list for PBXProject "TestOnURLSessionOperationQueue" */ = {
			isa = XCConfigurationList;
			buildConfigurations = (
				EE3D6BCF2054DBCD00DD61F3 /* Debug */,
				EE3D6BD02054DBCD00DD61F3 /* Release */,
			);
			defaultConfigurationIsVisible = 0;
			defaultConfigurationName = Release;
		};
		EE3D6BD12054DBCD00DD61F3 /* Build configuration list for PBXNativeTarget "TestOnURLSessionOperationQueue" */ = {
			isa = XCConfigurationList;
			buildConfigurations = (
				EE3D6BD22054DBCD00DD61F3 /* Debug */,
				EE3D6BD32054DBCD00DD61F3 /* Release */,
			);
			defaultConfigurationIsVisible = 0;
			defaultConfigurationName = Release;
		};
/* End XCConfigurationList section */
	};
	rootObject = EE3D6BB72054DBCD00DD61F3 /* Project object */;
}
