// !$*UTF8*$!
{
	archiveVersion = 1;
	classes = {
	};
	objectVersion = 48;
	objects = {

/* Begin PBXBuildFile section */
		EE529C1C206A6BD5001B9EE9 /* AppDelegate.swift in Sources */ = {isa = PBXBuildFile; fileRef = EE529C1B206A6BD5001B9EE9 /* AppDelegate.swift */; };
		EE529C1E206A6BD5001B9EE9 /* ViewController.swift in Sources */ = {isa = PBXBuildFile; fileRef = EE529C1D206A6BD5001B9EE9 /* ViewController.swift */; };
		EE529C21206A6BD5001B9EE9 /* Main.storyboard in Resources */ = {isa = PBXBuildFile; fileRef = EE529C1F206A6BD5001B9EE9 /* Main.storyboard */; };
		EE529C23206A6BD5001B9EE9 /* Assets.xcassets in Resources */ = {isa = PBXBuildFile; fileRef = EE529C22206A6BD5001B9EE9 /* Assets.xcassets */; };
		EE529C26206A6BD5001B9EE9 /* LaunchScreen.storyboard in Resources */ = {isa = PBXBuildFile; fileRef = EE529C24206A6BD5001B9EE9 /* LaunchScreen.storyboard */; };
		EE529C2E206A6BFB001B9EE9 /* 980x.jpg in Resources */ = {isa = PBXBuildFile; fileRef = EE529C2D206A6BFA001B9EE9 /* 980x.jpg */; };
		EE529C30206A6CC5001B9EE9 /* MyViewController.swift in Sources */ = {isa = PBXBuildFile; fileRef = EE529C2F206A6CC5001B9EE9 /* MyViewController.swift */; };
/* End PBXBuildFile section */

/* Begin PBXFileReference section */
		EE529C18206A6BD5001B9EE9 /* TestOnSnapshot.app */ = {isa = PBXFileReference; explicitFileType = wrapper.application; includeInIndex = 0; path = TestOnSnapshot.app; sourceTree = BUILT_PRODUCTS_DIR; };
		EE529C1B206A6BD5001B9EE9 /* AppDelegate.swift */ = {isa = PBXFileReference; lastKnownFileType = sourcecode.swift; path = AppDelegate.swift; sourceTree = "<group>"; };
		EE529C1D206A6BD5001B9EE9 /* ViewController.swift */ = {isa = PBXFileReference; lastKnownFileType = sourcecode.swift; path = ViewController.swift; sourceTree = "<group>"; };
		EE529C20206A6BD5001B9EE9 /* Base */ = {isa = PBXFileReference; lastKnownFileType = file.storyboard; name = Base; path = Base.lproj/Main.storyboard; sourceTree = "<group>"; };
		EE529C22206A6BD5001B9EE9 /* Assets.xcassets */ = {isa = PBXFileReference; lastKnownFileType = folder.assetcatalog; path = Assets.xcassets; sourceTree = "<group>"; };
		EE529C25206A6BD5001B9EE9 /* Base */ = {isa = PBXFileReference; lastKnownFileType = file.storyboard; name = Base; path = Base.lproj/LaunchScreen.storyboard; sourceTree = "<group>"; };
		EE529C27206A6BD5001B9EE9 /* Info.plist */ = {isa = PBXFileReference; lastKnownFileType = text.plist.xml; path = Info.plist; sourceTree = "<group>"; };
		EE529C2D206A6BFA001B9EE9 /* 980x.jpg */ = {isa = PBXFileReference; lastKnownFileType = image.jpeg; path = 980x.jpg; sourceTree = "<group>"; };
		EE529C2F206A6CC5001B9EE9 /* MyViewController.swift */ = {isa = PBXFileReference; lastKnownFileType = sourcecode.swift; path = MyViewController.swift; sourceTree = "<group>"; };
/* End PBXFileReference section */

/* Begin PBXFrameworksBuildPhase section */
		EE529C15206A6BD5001B9EE9 /* Frameworks */ = {
			isa = PBXFrameworksBuildPhase;
			buildActionMask = 2147483647;
			files = (
			);
			runOnlyForDeploymentPostprocessing = 0;
		};
/* End PBXFrameworksBuildPhase section */

/* Begin PBXGroup section */
		EE529C0F206A6BD5001B9EE9 = {
			isa = PBXGroup;
			children = (
				EE529C1A206A6BD5001B9EE9 /* TestOnSnapshot */,
				EE529C19206A6BD5001B9EE9 /* Products */,
			);
			sourceTree = "<group>";
		};
		EE529C19206A6BD5001B9EE9 /* Products */ = {
			isa = PBXGroup;
			children = (
				EE529C18206A6BD5001B9EE9 /* TestOnSnapshot.app */,
			);
			name = Products;
			sourceTree = "<group>";
		};
		EE529C1A206A6BD5001B9EE9 /* TestOnSnapshot */ = {
			isa = PBXGroup;
			children = (
				EE529C2D206A6BFA001B9EE9 /* 980x.jpg */,
				EE529C1B206A6BD5001B9EE9 /* AppDelegate.swift */,
				EE529C1D206A6BD5001B9EE9 /* ViewController.swift */,
				EE529C2F206A6CC5001B9EE9 /* MyViewController.swift */,
				EE529C1F206A6BD5001B9EE9 /* Main.storyboard */,
				EE529C22206A6BD5001B9EE9 /* Assets.xcassets */,
				EE529C24206A6BD5001B9EE9 /* LaunchScreen.storyboard */,
				EE529C27206A6BD5001B9EE9 /* Info.plist */,
			);
			path = TestOnSnapshot;
			sourceTree = "<group>";
		};
/* End PBXGroup section */

/* Begin PBXNativeTarget section */
		EE529C17206A6BD5001B9EE9 /* TestOnSnapshot */ = {
			isa = PBXNativeTarget;
			buildConfigurationList = EE529C2A206A6BD5001B9EE9 /* Build configuration list for PBXNativeTarget "TestOnSnapshot" */;
			buildPhases = (
				EE529C14206A6BD5001B9EE9 /* Sources */,
				EE529C15206A6BD5001B9EE9 /* Frameworks */,
				EE529C16206A6BD5001B9EE9 /* Resources */,
			);
			buildRules = (
			);
			dependencies = (
			);
			name = TestOnSnapshot;
			productName = TestOnSnapshot;
			productReference = EE529C18206A6BD5001B9EE9 /* TestOnSnapshot.app */;
			productType = "com.apple.product-type.application";
		};
/* End PBXNativeTarget section */

/* Begin PBXProject section */
		EE529C10206A6BD5001B9EE9 /* Project object */ = {
			isa = PBXProject;
			attributes = {
				LastSwiftUpdateCheck = 0910;
				LastUpgradeCheck = 0910;
				ORGANIZATIONNAME = SeoGiwon;
				TargetAttributes = {
					EE529C17206A6BD5001B9EE9 = {
						CreatedOnToolsVersion = 9.1;
						ProvisioningStyle = Automatic;
					};
				};
			};
			buildConfigurationList = EE529C13206A6BD5001B9EE9 /* Build configuration list for PBXProject "TestOnSnapshot" */;
			compatibilityVersion = "Xcode 8.0";
			developmentRegion = en;
			hasScannedForEncodings = 0;
			knownRegions = (
				en,
				Base,
			);
			mainGroup = EE529C0F206A6BD5001B9EE9;
			productRefGroup = EE529C19206A6BD5001B9EE9 /* Products */;
			projectDirPath = "";
			projectRoot = "";
			targets = (
				EE529C17206A6BD5001B9EE9 /* TestOnSnapshot */,
			);
		};
/* End PBXProject section */

/* Begin PBXResourcesBuildPhase section */
		EE529C16206A6BD5001B9EE9 /* Resources */ = {
			isa = PBXResourcesBuildPhase;
			buildActionMask = 2147483647;
			files = (
				EE529C2E206A6BFB001B9EE9 /* 980x.jpg in Resources */,
				EE529C26206A6BD5001B9EE9 /* LaunchScreen.storyboard in Resources */,
				EE529C23206A6BD5001B9EE9 /* Assets.xcassets in Resources */,
				EE529C21206A6BD5001B9EE9 /* Main.storyboard in Resources */,
			);
			runOnlyForDeploymentPostprocessing = 0;
		};
/* End PBXResourcesBuildPhase section */

/* Begin PBXSourcesBuildPhase section */
		EE529C14206A6BD5001B9EE9 /* Sources */ = {
			isa = PBXSourcesBuildPhase;
			buildActionMask = 2147483647;
			files = (
				EE529C1E206A6BD5001B9EE9 /* ViewController.swift in Sources */,
				EE529C30206A6CC5001B9EE9 /* MyViewController.swift in Sources */,
				EE529C1C206A6BD5001B9EE9 /* AppDelegate.swift in Sources */,
			);
			runOnlyForDeploymentPostprocessing = 0;
		};
/* End PBXSourcesBuildPhase section */

/* Begin PBXVariantGroup section */
		EE529C1F206A6BD5001B9EE9 /* Main.storyboard */ = {
			isa = PBXVariantGroup;
			children = (
				EE529C20206A6BD5001B9EE9 /* Base */,
			);
			name = Main.storyboard;
			sourceTree = "<group>";
		};
		EE529C24206A6BD5001B9EE9 /* LaunchScreen.storyboard */ = {
			isa = PBXVariantGroup;
			children = (
				EE529C25206A6BD5001B9EE9 /* Base */,
			);
			name = LaunchScreen.storyboard;
			sourceTree = "<group>";
		};
/* End PBXVariantGroup section */

/* Begin XCBuildConfiguration section */
		EE529C28206A6BD5001B9EE9 /* Debug */ = {
			isa = XCBuildConfiguration;
			buildSettings = {
				ALWAYS_SEARCH_USER_PATHS = NO;
				CLANG_ANALYZER_NONNULL = YES;
				CLANG_ANALYZER_NUMBER_OBJECT_CONVERSION = YES_AGGRESSIVE;
				CLANG_CXX_LANGUAGE_STANDARD = "gnu++14";
				CLANG_CXX_LIBRARY = "libc++";
				CLANG_ENABLE_MODULES = YES;
				CLANG_ENABLE_OBJC_ARC = YES;
				CLANG_WARN_BLOCK_CAPTURE_AUTORELEASING = YES;
				CLANG_WARN_BOOL_CONVERSION = YES;
				CLANG_WARN_COMMA = YES;
				CLANG_WARN_CONSTANT_CONVERSION = YES;
				CLANG_WARN_DIRECT_OBJC_ISA_USAGE = YES_ERROR;
				CLANG_WARN_DOCUMENTATION_COMMENTS = YES;
				CLANG_WARN_EMPTY_BODY = YES;
				CLANG_WARN_ENUM_CONVERSION = YES;
				CLANG_WARN_INFINITE_RECURSION = YES;
				CLANG_WARN_INT_CONVERSION = YES;
				CLANG_WARN_NON_LITERAL_NULL_CONVERSION = YES;
				CLANG_WARN_OBJC_LITERAL_CONVERSION = YES;
				CLANG_WARN_OBJC_ROOT_CLASS = YES_ERROR;
				CLANG_WARN_RANGE_LOOP_ANALYSIS = YES;
				CLANG_WARN_STRICT_PROTOTYPES = YES;
				CLANG_WARN_SUSPICIOUS_MOVE = YES;
				CLANG_WARN_UNGUARDED_AVAILABILITY = YES_AGGRESSIVE;
				CLANG_WARN_UNREACHABLE_CODE = YES;
				CLANG_WARN__DUPLICATE_METHOD_MATCH = YES;
				CODE_SIGN_IDENTITY = "iPhone Developer";
				COPY_PHASE_STRIP = NO;
				DEBUG_INFORMATION_FORMAT = dwarf;
				ENABLE_STRICT_OBJC_MSGSEND = YES;
				ENABLE_TESTABILITY = YES;
				GCC_C_LANGUAGE_STANDARD = gnu11;
				GCC_DYNAMIC_NO_PIC = NO;
				GCC_NO_COMMON_BLOCKS = YES;
				GCC_OPTIMIZATION_LEVEL = 0;
				GCC_PREPROCESSOR_DEFINITIONS = (
					"DEBUG=1",
					"$(inherited)",
				);
				GCC_WARN_64_TO_32_BIT_CONVERSION = YES;
				GCC_WARN_ABOUT_RETURN_TYPE = YES_ERROR;
				GCC_WARN_UNDECLARED_SELECTOR = YES;
				GCC_WARN_UNINITIALIZED_AUTOS = YES_AGGRESSIVE;
				GCC_WARN_UNUSED_FUNCTION = YES;
				GCC_WARN_UNUSED_VARIABLE = YES;
				IPHONEOS_DEPLOYMENT_TARGET = 11.1;
				MTL_ENABLE_DEBUG_INFO = YES;
				ONLY_ACTIVE_ARCH = YES;
				SDKROOT = iphoneos;
				SWIFT_ACTIVE_COMPILATION_CONDITIONS = DEBUG;
				SWIFT_OPTIMIZATION_LEVEL = "-Onone";
			};
			name = Debug;
		};
		EE529C29206A6BD5001B9EE9 /* Release */ = {
			isa = XCBuildConfiguration;
			buildSettings = {
				ALWAYS_SEARCH_USER_PATHS = NO;
				CLANG_ANALYZER_NONNULL = YES;
				CLANG_ANALYZER_NUMBER_OBJECT_CONVERSION = YES_AGGRESSIVE;
				CLANG_CXX_LANGUAGE_STANDARD = "gnu++14";
				CLANG_CXX_LIBRARY = "libc++";
				CLANG_ENABLE_MODULES = YES;
				CLANG_ENABLE_OBJC_ARC = YES;
				CLANG_WARN_BLOCK_CAPTURE_AUTORELEASING = YES;
				CLANG_WARN_BOOL_CONVERSION = YES;
				CLANG_WARN_COMMA = YES;
				CLANG_WARN_CONSTANT_CONVERSION = YES;
				CLANG_WARN_DIRECT_OBJC_ISA_USAGE = YES_ERROR;
				CLANG_WARN_DOCUMENTATION_COMMENTS = YES;
				CLANG_WARN_EMPTY_BODY = YES;
				CLANG_WARN_ENUM_CONVERSION = YES;
				CLANG_WARN_INFINITE_RECURSION = YES;
				CLANG_WARN_INT_CONVERSION = YES;
				CLANG_WARN_NON_LITERAL_NULL_CONVERSION = YES;
				CLANG_WARN_OBJC_LITERAL_CONVERSION = YES;
				CLANG_WARN_OBJC_ROOT_CLASS = YES_ERROR;
				CLANG_WARN_RANGE_LOOP_ANALYSIS = YES;
				CLANG_WARN_STRICT_PROTOTYPES = YES;
				CLANG_WARN_SUSPICIOUS_MOVE = YES;
				CLANG_WARN_UNGUARDED_AVAILABILITY = YES_AGGRESSIVE;
				CLANG_WARN_UNREACHABLE_CODE = YES;
				CLANG_WARN__DUPLICATE_METHOD_MATCH = YES;
				CODE_SIGN_IDENTITY = "iPhone Developer";
				COPY_PHASE_STRIP = NO;
				DEBUG_INFORMATION_FORMAT = "dwarf-with-dsym";
				ENABLE_NS_ASSERTIONS = NO;
				ENABLE_STRICT_OBJC_MSGSEND = YES;
				GCC_C_LANGUAGE_STANDARD = gnu11;
				GCC_NO_COMMON_BLOCKS = YES;
				GCC_WARN_64_TO_32_BIT_CONVERSION = YES;
				GCC_WARN_ABOUT_RETURN_TYPE = YES_ERROR;
				GCC_WARN_UNDECLARED_SELECTOR = YES;
				GCC_WARN_UNINITIALIZED_AUTOS = YES_AGGRESSIVE;
				GCC_WARN_UNUSED_FUNCTION = YES;
				GCC_WARN_UNUSED_VARIABLE = YES;
				IPHONEOS_DEPLOYMENT_TARGET = 11.1;
				MTL_ENABLE_DEBUG_INFO = NO;
				SDKROOT = iphoneos;
				SWIFT_OPTIMIZATION_LEVEL = "-Owholemodule";
				VALIDATE_PRODUCT = YES;
			};
			name = Release;
		};
		EE529C2B206A6BD5001B9EE9 /* Debug */ = {
			isa = XCBuildConfiguration;
			buildSettings = {
				ASSETCATALOG_COMPILER_APPICON_NAME = AppIcon;
				CODE_SIGN_STYLE = Automatic;
				DEVELOPMENT_TEAM = 8LSJUN2G6D;
				INFOPLIST_FILE = TestOnSnapshot/Info.plist;
				LD_RUNPATH_SEARCH_PATHS = "$(inherited) @executable_path/Frameworks";
				PRODUCT_BUNDLE_IDENTIFIER = softv.TestOnSnapshot;
				PRODUCT_NAME = "$(TARGET_NAME)";
				SWIFT_VERSION = 4.0;
				TARGETED_DEVICE_FAMILY = "1,2";
			};
			name = Debug;
		};
		EE529C2C206A6BD5001B9EE9 /* Release */ = {
			isa = XCBuildConfiguration;
			buildSettings = {
				ASSETCATALOG_COMPILER_APPICON_NAME = AppIcon;
				CODE_SIGN_STYLE = Automatic;
				DEVELOPMENT_TEAM = 8LSJUN2G6D;
				INFOPLIST_FILE = TestOnSnapshot/Info.plist;
				LD_RUNPATH_SEARCH_PATHS = "$(inherited) @executable_path/Frameworks";
				PRODUCT_BUNDLE_IDENTIFIER = softv.TestOnSnapshot;
				PRODUCT_NAME = "$(TARGET_NAME)";
				SWIFT_VERSION = 4.0;
				TARGETED_DEVICE_FAMILY = "1,2";
			};
			name = Release;
		};
/* End XCBuildConfiguration section */

/* Begin XCConfigurationList section */
		EE529C13206A6BD5001B9EE9 /* Build configuration list for PBXProject "TestOnSnapshot" */ = {
			isa = XCConfigurationList;
			buildConfigurations = (
				EE529C28206A6BD5001B9EE9 /* Debug */,
				EE529C29206A6BD5001B9EE9 /* Release */,
			);
			defaultConfigurationIsVisible = 0;
			defaultConfigurationName = Release;
		};
		EE529C2A206A6BD5001B9EE9 /* Build configuration list for PBXNativeTarget "TestOnSnapshot" */ = {
			isa = XCConfigurationList;
			buildConfigurations = (
				EE529C2B206A6BD5001B9EE9 /* Debug */,
				EE529C2C206A6BD5001B9EE9 /* Release */,
			);
			defaultConfigurationIsVisible = 0;
			defaultConfigurationName = Release;
		};
/* End XCConfigurationList section */
	};
	rootObject = EE529C10206A6BD5001B9EE9 /* Project object */;
}
