// !$*UTF8*$!
{
	archiveVersion = 1;
	classes = {
	};
	objectVersion = 48;
	objects = {

/* Begin PBXBuildFile section */
		EE5F5C3921476498008C2CD3 /* AppDelegate.swift in Sources */ = {isa = PBXBuildFile; fileRef = EE5F5C3821476498008C2CD3 /* AppDelegate.swift */; };
		EE5F5C3E21476498008C2CD3 /* Main.storyboard in Resources */ = {isa = PBXBuildFile; fileRef = EE5F5C3C21476498008C2CD3 /* Main.storyboard */; };
		EE5F5C4021476498008C2CD3 /* Assets.xcassets in Resources */ = {isa = PBXBuildFile; fileRef = EE5F5C3F21476498008C2CD3 /* Assets.xcassets */; };
		EE5F5C4321476498008C2CD3 /* LaunchScreen.storyboard in Resources */ = {isa = PBXBuildFile; fileRef = EE5F5C4121476498008C2CD3 /* LaunchScreen.storyboard */; };
		EE5F5C4B2147652B008C2CD3 /* MomentsViewController.swift in Sources */ = {isa = PBXBuildFile; fileRef = EE5F5C4A2147652A008C2CD3 /* MomentsViewController.swift */; };
		EE5F5C4D214765CE008C2CD3 /* MomentsCommonCollectionView.swift in Sources */ = {isa = PBXBuildFile; fileRef = EE5F5C4C214765CE008C2CD3 /* MomentsCommonCollectionView.swift */; };
		EE5F5C4F214765F1008C2CD3 /* ViewForPermissionUnavailable.swift in Sources */ = {isa = PBXBuildFile; fileRef = EE5F5C4E214765F1008C2CD3 /* ViewForPermissionUnavailable.swift */; };
		EE5F5C5121476B17008C2CD3 /* MomentsViewController+FetchPHAssets.swift in Sources */ = {isa = PBXBuildFile; fileRef = EE5F5C5021476B17008C2CD3 /* MomentsViewController+FetchPHAssets.swift */; };
		EE5F5C53214771CD008C2CD3 /* StickyHeadersCollectionViewLayout.swift in Sources */ = {isa = PBXBuildFile; fileRef = EE5F5C52214771CD008C2CD3 /* StickyHeadersCollectionViewLayout.swift */; };
		EE5F5C552147723B008C2CD3 /* GridViewCell.swift in Sources */ = {isa = PBXBuildFile; fileRef = EE5F5C542147723B008C2CD3 /* GridViewCell.swift */; };
		EE5F5C5721477744008C2CD3 /* PopupViewController.swift in Sources */ = {isa = PBXBuildFile; fileRef = EE5F5C5621477744008C2CD3 /* PopupViewController.swift */; };
		EE5F5C592147B881008C2CD3 /* PHAsset+Extension.swift in Sources */ = {isa = PBXBuildFile; fileRef = EE5F5C582147B880008C2CD3 /* PHAsset+Extension.swift */; };
		EE5F5C7B214CF6D6008C2CD3 /* MomentsViewHelper.swift in Sources */ = {isa = PBXBuildFile; fileRef = EE5F5C7A214CF6D6008C2CD3 /* MomentsViewHelper.swift */; };
/* End PBXBuildFile section */

/* Begin PBXFileReference section */
		EE5F5C3521476498008C2CD3 /* TestsOnPhotosContentOffsetDecisionInCollectionView.app */ = {isa = PBXFileReference; explicitFileType = wrapper.application; includeInIndex = 0; path = TestsOnPhotosContentOffsetDecisionInCollectionView.app; sourceTree = BUILT_PRODUCTS_DIR; };
		EE5F5C3821476498008C2CD3 /* AppDelegate.swift */ = {isa = PBXFileReference; lastKnownFileType = sourcecode.swift; path = AppDelegate.swift; sourceTree = "<group>"; };
		EE5F5C3D21476498008C2CD3 /* Base */ = {isa = PBXFileReference; lastKnownFileType = file.storyboard; name = Base; path = Base.lproj/Main.storyboard; sourceTree = "<group>"; };
		EE5F5C3F21476498008C2CD3 /* Assets.xcassets */ = {isa = PBXFileReference; lastKnownFileType = folder.assetcatalog; path = Assets.xcassets; sourceTree = "<group>"; };
		EE5F5C4221476498008C2CD3 /* Base */ = {isa = PBXFileReference; lastKnownFileType = file.storyboard; name = Base; path = Base.lproj/LaunchScreen.storyboard; sourceTree = "<group>"; };
		EE5F5C4421476498008C2CD3 /* Info.plist */ = {isa = PBXFileReference; lastKnownFileType = text.plist.xml; path = Info.plist; sourceTree = "<group>"; };
		EE5F5C4A2147652A008C2CD3 /* MomentsViewController.swift */ = {isa = PBXFileReference; fileEncoding = 4; lastKnownFileType = sourcecode.swift; path = MomentsViewController.swift; sourceTree = "<group>"; };
		EE5F5C4C214765CE008C2CD3 /* MomentsCommonCollectionView.swift */ = {isa = PBXFileReference; fileEncoding = 4; lastKnownFileType = sourcecode.swift; path = MomentsCommonCollectionView.swift; sourceTree = "<group>"; };
		EE5F5C4E214765F1008C2CD3 /* ViewForPermissionUnavailable.swift */ = {isa = PBXFileReference; fileEncoding = 4; lastKnownFileType = sourcecode.swift; path = ViewForPermissionUnavailable.swift; sourceTree = "<group>"; };
		EE5F5C5021476B17008C2CD3 /* MomentsViewController+FetchPHAssets.swift */ = {isa = PBXFileReference; lastKnownFileType = sourcecode.swift; path = "MomentsViewController+FetchPHAssets.swift"; sourceTree = "<group>"; };
		EE5F5C52214771CD008C2CD3 /* StickyHeadersCollectionViewLayout.swift */ = {isa = PBXFileReference; fileEncoding = 4; lastKnownFileType = sourcecode.swift; path = StickyHeadersCollectionViewLayout.swift; sourceTree = "<group>"; };
		EE5F5C542147723B008C2CD3 /* GridViewCell.swift */ = {isa = PBXFileReference; fileEncoding = 4; lastKnownFileType = sourcecode.swift; path = GridViewCell.swift; sourceTree = "<group>"; };
		EE5F5C5621477744008C2CD3 /* PopupViewController.swift */ = {isa = PBXFileReference; lastKnownFileType = sourcecode.swift; path = PopupViewController.swift; sourceTree = "<group>"; };
		EE5F5C582147B880008C2CD3 /* PHAsset+Extension.swift */ = {isa = PBXFileReference; fileEncoding = 4; lastKnownFileType = sourcecode.swift; path = "PHAsset+Extension.swift"; sourceTree = "<group>"; };
		EE5F5C7A214CF6D6008C2CD3 /* MomentsViewHelper.swift */ = {isa = PBXFileReference; lastKnownFileType = sourcecode.swift; path = MomentsViewHelper.swift; sourceTree = "<group>"; };
/* End PBXFileReference section */

/* Begin PBXFrameworksBuildPhase section */
		EE5F5C3221476498008C2CD3 /* Frameworks */ = {
			isa = PBXFrameworksBuildPhase;
			buildActionMask = 2147483647;
			files = (
			);
			runOnlyForDeploymentPostprocessing = 0;
		};
/* End PBXFrameworksBuildPhase section */

/* Begin PBXGroup section */
		EE5F5C2C21476498008C2CD3 = {
			isa = PBXGroup;
			children = (
				EE5F5C3721476498008C2CD3 /* TestsOnPhotosContentOffsetDecisionInCollectionView */,
				EE5F5C3621476498008C2CD3 /* Products */,
			);
			sourceTree = "<group>";
		};
		EE5F5C3621476498008C2CD3 /* Products */ = {
			isa = PBXGroup;
			children = (
				EE5F5C3521476498008C2CD3 /* TestsOnPhotosContentOffsetDecisionInCollectionView.app */,
			);
			name = Products;
			sourceTree = "<group>";
		};
		EE5F5C3721476498008C2CD3 /* TestsOnPhotosContentOffsetDecisionInCollectionView */ = {
			isa = PBXGroup;
			children = (
				EE5F5C4E214765F1008C2CD3 /* ViewForPermissionUnavailable.swift */,
				EE5F5C3821476498008C2CD3 /* AppDelegate.swift */,
				EE5F5C542147723B008C2CD3 /* GridViewCell.swift */,
				EE5F5C5621477744008C2CD3 /* PopupViewController.swift */,
				EE5F5C582147B880008C2CD3 /* PHAsset+Extension.swift */,
				EE5F5C4A2147652A008C2CD3 /* MomentsViewController.swift */,
				EE5F5C5021476B17008C2CD3 /* MomentsViewController+FetchPHAssets.swift */,
				EE5F5C7A214CF6D6008C2CD3 /* MomentsViewHelper.swift */,
				EE5F5C4C214765CE008C2CD3 /* MomentsCommonCollectionView.swift */,
				EE5F5C52214771CD008C2CD3 /* StickyHeadersCollectionViewLayout.swift */,
				EE5F5C3C21476498008C2CD3 /* Main.storyboard */,
				EE5F5C3F21476498008C2CD3 /* Assets.xcassets */,
				EE5F5C4121476498008C2CD3 /* LaunchScreen.storyboard */,
				EE5F5C4421476498008C2CD3 /* Info.plist */,
			);
			path = TestsOnPhotosContentOffsetDecisionInCollectionView;
			sourceTree = "<group>";
		};
/* End PBXGroup section */

/* Begin PBXNativeTarget section */
		EE5F5C3421476498008C2CD3 /* TestsOnPhotosContentOffsetDecisionInCollectionView */ = {
			isa = PBXNativeTarget;
			buildConfigurationList = EE5F5C4721476498008C2CD3 /* Build configuration list for PBXNativeTarget "TestsOnPhotosContentOffsetDecisionInCollectionView" */;
			buildPhases = (
				EE5F5C3121476498008C2CD3 /* Sources */,
				EE5F5C3221476498008C2CD3 /* Frameworks */,
				EE5F5C3321476498008C2CD3 /* Resources */,
			);
			buildRules = (
			);
			dependencies = (
			);
			name = TestsOnPhotosContentOffsetDecisionInCollectionView;
			productName = TestsOnPhotosContentOffsetDecisionInCollectionView;
			productReference = EE5F5C3521476498008C2CD3 /* TestsOnPhotosContentOffsetDecisionInCollectionView.app */;
			productType = "com.apple.product-type.application";
		};
/* End PBXNativeTarget section */

/* Begin PBXProject section */
		EE5F5C2D21476498008C2CD3 /* Project object */ = {
			isa = PBXProject;
			attributes = {
				LastSwiftUpdateCheck = 0910;
				LastUpgradeCheck = 0910;
				ORGANIZATIONNAME = SeoGiwon;
				TargetAttributes = {
					EE5F5C3421476498008C2CD3 = {
						CreatedOnToolsVersion = 9.1;
						ProvisioningStyle = Automatic;
					};
				};
			};
			buildConfigurationList = EE5F5C3021476498008C2CD3 /* Build configuration list for PBXProject "TestsOnPhotosContentOffsetDecisionInCollectionView" */;
			compatibilityVersion = "Xcode 8.0";
			developmentRegion = en;
			hasScannedForEncodings = 0;
			knownRegions = (
				en,
				Base,
			);
			mainGroup = EE5F5C2C21476498008C2CD3;
			productRefGroup = EE5F5C3621476498008C2CD3 /* Products */;
			projectDirPath = "";
			projectRoot = "";
			targets = (
				EE5F5C3421476498008C2CD3 /* TestsOnPhotosContentOffsetDecisionInCollectionView */,
			);
		};
/* End PBXProject section */

/* Begin PBXResourcesBuildPhase section */
		EE5F5C3321476498008C2CD3 /* Resources */ = {
			isa = PBXResourcesBuildPhase;
			buildActionMask = 2147483647;
			files = (
				EE5F5C4321476498008C2CD3 /* LaunchScreen.storyboard in Resources */,
				EE5F5C4021476498008C2CD3 /* Assets.xcassets in Resources */,
				EE5F5C3E21476498008C2CD3 /* Main.storyboard in Resources */,
			);
			runOnlyForDeploymentPostprocessing = 0;
		};
/* End PBXResourcesBuildPhase section */

/* Begin PBXSourcesBuildPhase section */
		EE5F5C3121476498008C2CD3 /* Sources */ = {
			isa = PBXSourcesBuildPhase;
			buildActionMask = 2147483647;
			files = (
				EE5F5C4D214765CE008C2CD3 /* MomentsCommonCollectionView.swift in Sources */,
				EE5F5C4F214765F1008C2CD3 /* ViewForPermissionUnavailable.swift in Sources */,
				EE5F5C7B214CF6D6008C2CD3 /* MomentsViewHelper.swift in Sources */,
				EE5F5C3921476498008C2CD3 /* AppDelegate.swift in Sources */,
				EE5F5C592147B881008C2CD3 /* PHAsset+Extension.swift in Sources */,
				EE5F5C53214771CD008C2CD3 /* StickyHeadersCollectionViewLayout.swift in Sources */,
				EE5F5C5721477744008C2CD3 /* PopupViewController.swift in Sources */,
				EE5F5C5121476B17008C2CD3 /* MomentsViewController+FetchPHAssets.swift in Sources */,
				EE5F5C552147723B008C2CD3 /* GridViewCell.swift in Sources */,
				EE5F5C4B2147652B008C2CD3 /* MomentsViewController.swift in Sources */,
			);
			runOnlyForDeploymentPostprocessing = 0;
		};
/* End PBXSourcesBuildPhase section */

/* Begin PBXVariantGroup section */
		EE5F5C3C21476498008C2CD3 /* Main.storyboard */ = {
			isa = PBXVariantGroup;
			children = (
				EE5F5C3D21476498008C2CD3 /* Base */,
			);
			name = Main.storyboard;
			sourceTree = "<group>";
		};
		EE5F5C4121476498008C2CD3 /* LaunchScreen.storyboard */ = {
			isa = PBXVariantGroup;
			children = (
				EE5F5C4221476498008C2CD3 /* Base */,
			);
			name = LaunchScreen.storyboard;
			sourceTree = "<group>";
		};
/* End PBXVariantGroup section */

/* Begin XCBuildConfiguration section */
		EE5F5C4521476498008C2CD3 /* Debug */ = {
			isa = XCBuildConfiguration;
			buildSettings = {
				ALWAYS_SEARCH_USER_PATHS = NO;
				CLANG_ANALYZER_NONNULL = YES;
				CLANG_ANALYZER_NUMBER_OBJECT_CONVERSION = YES_AGGRESSIVE;
				CLANG_CXX_LANGUAGE_STANDARD = "gnu++14";
				CLANG_CXX_LIBRARY = "libc++";
				CLANG_ENABLE_MODULES = YES;
				CLANG_ENABLE_OBJC_ARC = YES;
				CLANG_WARN_BLOCK_CAPTURE_AUTORELEASING = YES;
				CLANG_WARN_BOOL_CONVERSION = YES;
				CLANG_WARN_COMMA = YES;
				CLANG_WARN_CONSTANT_CONVERSION = YES;
				CLANG_WARN_DIRECT_OBJC_ISA_USAGE = YES_ERROR;
				CLANG_WARN_DOCUMENTATION_COMMENTS = YES;
				CLANG_WARN_EMPTY_BODY = YES;
				CLANG_WARN_ENUM_CONVERSION = YES;
				CLANG_WARN_INFINITE_RECURSION = YES;
				CLANG_WARN_INT_CONVERSION = YES;
				CLANG_WARN_NON_LITERAL_NULL_CONVERSION = YES;
				CLANG_WARN_OBJC_LITERAL_CONVERSION = YES;
				CLANG_WARN_OBJC_ROOT_CLASS = YES_ERROR;
				CLANG_WARN_RANGE_LOOP_ANALYSIS = YES;
				CLANG_WARN_STRICT_PROTOTYPES = YES;
				CLANG_WARN_SUSPICIOUS_MOVE = YES;
				CLANG_WARN_UNGUARDED_AVAILABILITY = YES_AGGRESSIVE;
				CLANG_WARN_UNREACHABLE_CODE = YES;
				CLANG_WARN__DUPLICATE_METHOD_MATCH = YES;
				CODE_SIGN_IDENTITY = "iPhone Developer";
				COPY_PHASE_STRIP = NO;
				DEBUG_INFORMATION_FORMAT = dwarf;
				ENABLE_STRICT_OBJC_MSGSEND = YES;
				ENABLE_TESTABILITY = YES;
				GCC_C_LANGUAGE_STANDARD = gnu11;
				GCC_DYNAMIC_NO_PIC = NO;
				GCC_NO_COMMON_BLOCKS = YES;
				GCC_OPTIMIZATION_LEVEL = 0;
				GCC_PREPROCESSOR_DEFINITIONS = (
					"DEBUG=1",
					"$(inherited)",
				);
				GCC_WARN_64_TO_32_BIT_CONVERSION = YES;
				GCC_WARN_ABOUT_RETURN_TYPE = YES_ERROR;
				GCC_WARN_UNDECLARED_SELECTOR = YES;
				GCC_WARN_UNINITIALIZED_AUTOS = YES_AGGRESSIVE;
				GCC_WARN_UNUSED_FUNCTION = YES;
				GCC_WARN_UNUSED_VARIABLE = YES;
				IPHONEOS_DEPLOYMENT_TARGET = 11.1;
				MTL_ENABLE_DEBUG_INFO = YES;
				ONLY_ACTIVE_ARCH = YES;
				SDKROOT = iphoneos;
				SWIFT_ACTIVE_COMPILATION_CONDITIONS = DEBUG;
				SWIFT_OPTIMIZATION_LEVEL = "-Onone";
			};
			name = Debug;
		};
		EE5F5C4621476498008C2CD3 /* Release */ = {
			isa = XCBuildConfiguration;
			buildSettings = {
				ALWAYS_SEARCH_USER_PATHS = NO;
				CLANG_ANALYZER_NONNULL = YES;
				CLANG_ANALYZER_NUMBER_OBJECT_CONVERSION = YES_AGGRESSIVE;
				CLANG_CXX_LANGUAGE_STANDARD = "gnu++14";
				CLANG_CXX_LIBRARY = "libc++";
				CLANG_ENABLE_MODULES = YES;
				CLANG_ENABLE_OBJC_ARC = YES;
				CLANG_WARN_BLOCK_CAPTURE_AUTORELEASING = YES;
				CLANG_WARN_BOOL_CONVERSION = YES;
				CLANG_WARN_COMMA = YES;
				CLANG_WARN_CONSTANT_CONVERSION = YES;
				CLANG_WARN_DIRECT_OBJC_ISA_USAGE = YES_ERROR;
				CLANG_WARN_DOCUMENTATION_COMMENTS = YES;
				CLANG_WARN_EMPTY_BODY = YES;
				CLANG_WARN_ENUM_CONVERSION = YES;
				CLANG_WARN_INFINITE_RECURSION = YES;
				CLANG_WARN_INT_CONVERSION = YES;
				CLANG_WARN_NON_LITERAL_NULL_CONVERSION = YES;
				CLANG_WARN_OBJC_LITERAL_CONVERSION = YES;
				CLANG_WARN_OBJC_ROOT_CLASS = YES_ERROR;
				CLANG_WARN_RANGE_LOOP_ANALYSIS = YES;
				CLANG_WARN_STRICT_PROTOTYPES = YES;
				CLANG_WARN_SUSPICIOUS_MOVE = YES;
				CLANG_WARN_UNGUARDED_AVAILABILITY = YES_AGGRESSIVE;
				CLANG_WARN_UNREACHABLE_CODE = YES;
				CLANG_WARN__DUPLICATE_METHOD_MATCH = YES;
				CODE_SIGN_IDENTITY = "iPhone Developer";
				COPY_PHASE_STRIP = NO;
				DEBUG_INFORMATION_FORMAT = "dwarf-with-dsym";
				ENABLE_NS_ASSERTIONS = NO;
				ENABLE_STRICT_OBJC_MSGSEND = YES;
				GCC_C_LANGUAGE_STANDARD = gnu11;
				GCC_NO_COMMON_BLOCKS = YES;
				GCC_WARN_64_TO_32_BIT_CONVERSION = YES;
				GCC_WARN_ABOUT_RETURN_TYPE = YES_ERROR;
				GCC_WARN_UNDECLARED_SELECTOR = YES;
				GCC_WARN_UNINITIALIZED_AUTOS = YES_AGGRESSIVE;
				GCC_WARN_UNUSED_FUNCTION = YES;
				GCC_WARN_UNUSED_VARIABLE = YES;
				IPHONEOS_DEPLOYMENT_TARGET = 11.1;
				MTL_ENABLE_DEBUG_INFO = NO;
				SDKROOT = iphoneos;
				SWIFT_OPTIMIZATION_LEVEL = "-Owholemodule";
				VALIDATE_PRODUCT = YES;
			};
			name = Release;
		};
		EE5F5C4821476498008C2CD3 /* Debug */ = {
			isa = XCBuildConfiguration;
			buildSettings = {
				ASSETCATALOG_COMPILER_APPICON_NAME = AppIcon;
				CODE_SIGN_STYLE = Automatic;
				DEVELOPMENT_TEAM = 8LSJUN2G6D;
				INFOPLIST_FILE = TestsOnPhotosContentOffsetDecisionInCollectionView/Info.plist;
				LD_RUNPATH_SEARCH_PATHS = "$(inherited) @executable_path/Frameworks";
				PRODUCT_BUNDLE_IDENTIFIER = softv.TestsOnPhotosContentOffsetDecisionInCollectionView;
				PRODUCT_NAME = "$(TARGET_NAME)";
				SWIFT_VERSION = 4.0;
				TARGETED_DEVICE_FAMILY = "1,2";
			};
			name = Debug;
		};
		EE5F5C4921476498008C2CD3 /* Release */ = {
			isa = XCBuildConfiguration;
			buildSettings = {
				ASSETCATALOG_COMPILER_APPICON_NAME = AppIcon;
				CODE_SIGN_STYLE = Automatic;
				DEVELOPMENT_TEAM = 8LSJUN2G6D;
				INFOPLIST_FILE = TestsOnPhotosContentOffsetDecisionInCollectionView/Info.plist;
				LD_RUNPATH_SEARCH_PATHS = "$(inherited) @executable_path/Frameworks";
				PRODUCT_BUNDLE_IDENTIFIER = softv.TestsOnPhotosContentOffsetDecisionInCollectionView;
				PRODUCT_NAME = "$(TARGET_NAME)";
				SWIFT_VERSION = 4.0;
				TARGETED_DEVICE_FAMILY = "1,2";
			};
			name = Release;
		};
/* End XCBuildConfiguration section */

/* Begin XCConfigurationList section */
		EE5F5C3021476498008C2CD3 /* Build configuration list for PBXProject "TestsOnPhotosContentOffsetDecisionInCollectionView" */ = {
			isa = XCConfigurationList;
			buildConfigurations = (
				EE5F5C4521476498008C2CD3 /* Debug */,
				EE5F5C4621476498008C2CD3 /* Release */,
			);
			defaultConfigurationIsVisible = 0;
			defaultConfigurationName = Release;
		};
		EE5F5C4721476498008C2CD3 /* Build configuration list for PBXNativeTarget "TestsOnPhotosContentOffsetDecisionInCollectionView" */ = {
			isa = XCConfigurationList;
			buildConfigurations = (
				EE5F5C4821476498008C2CD3 /* Debug */,
				EE5F5C4921476498008C2CD3 /* Release */,
			);
			defaultConfigurationIsVisible = 0;
			defaultConfigurationName = Release;
		};
/* End XCConfigurationList section */
	};
	rootObject = EE5F5C2D21476498008C2CD3 /* Project object */;
}
