// !$*UTF8*$!
{
	archiveVersion = 1;
	classes = {
	};
	objectVersion = 48;
	objects = {

/* Begin PBXBuildFile section */
		EE00818C21AA4AD600DCC7FC /* AppDelegate.swift in Sources */ = {isa = PBXBuildFile; fileRef = EE00818B21AA4AD600DCC7FC /* AppDelegate.swift */; };
		EE00818E21AA4AD600DCC7FC /* ViewController.swift in Sources */ = {isa = PBXBuildFile; fileRef = EE00818D21AA4AD600DCC7FC /* ViewController.swift */; };
		EE00819121AA4AD600DCC7FC /* Main.storyboard in Resources */ = {isa = PBXBuildFile; fileRef = EE00818F21AA4AD600DCC7FC /* Main.storyboard */; };
		EE00819321AA4AD600DCC7FC /* Assets.xcassets in Resources */ = {isa = PBXBuildFile; fileRef = EE00819221AA4AD600DCC7FC /* Assets.xcassets */; };
		EE00819621AA4AD600DCC7FC /* LaunchScreen.storyboard in Resources */ = {isa = PBXBuildFile; fileRef = EE00819421AA4AD600DCC7FC /* LaunchScreen.storyboard */; };
		EE00819E21AA4B2700DCC7FC /* MyCALayer.swift in Sources */ = {isa = PBXBuildFile; fileRef = EE00819D21AA4B2600DCC7FC /* MyCALayer.swift */; };
/* End PBXBuildFile section */

/* Begin PBXFileReference section */
		EE00818821AA4AD600DCC7FC /* TestsOnCustomCAProperty.app */ = {isa = PBXFileReference; explicitFileType = wrapper.application; includeInIndex = 0; path = TestsOnCustomCAProperty.app; sourceTree = BUILT_PRODUCTS_DIR; };
		EE00818B21AA4AD600DCC7FC /* AppDelegate.swift */ = {isa = PBXFileReference; lastKnownFileType = sourcecode.swift; path = AppDelegate.swift; sourceTree = "<group>"; };
		EE00818D21AA4AD600DCC7FC /* ViewController.swift */ = {isa = PBXFileReference; lastKnownFileType = sourcecode.swift; path = ViewController.swift; sourceTree = "<group>"; };
		EE00819021AA4AD600DCC7FC /* Base */ = {isa = PBXFileReference; lastKnownFileType = file.storyboard; name = Base; path = Base.lproj/Main.storyboard; sourceTree = "<group>"; };
		EE00819221AA4AD600DCC7FC /* Assets.xcassets */ = {isa = PBXFileReference; lastKnownFileType = folder.assetcatalog; path = Assets.xcassets; sourceTree = "<group>"; };
		EE00819521AA4AD600DCC7FC /* Base */ = {isa = PBXFileReference; lastKnownFileType = file.storyboard; name = Base; path = Base.lproj/LaunchScreen.storyboard; sourceTree = "<group>"; };
		EE00819721AA4AD600DCC7FC /* Info.plist */ = {isa = PBXFileReference; lastKnownFileType = text.plist.xml; path = Info.plist; sourceTree = "<group>"; };
		EE00819D21AA4B2600DCC7FC /* MyCALayer.swift */ = {isa = PBXFileReference; fileEncoding = 4; lastKnownFileType = sourcecode.swift; name = MyCALayer.swift; path = ../../TestOnCAShapeLayer/TestOnCAShapeLayer/MyCALayer.swift; sourceTree = "<group>"; };
/* End PBXFileReference section */

/* Begin PBXFrameworksBuildPhase section */
		EE00818521AA4AD600DCC7FC /* Frameworks */ = {
			isa = PBXFrameworksBuildPhase;
			buildActionMask = 2147483647;
			files = (
			);
			runOnlyForDeploymentPostprocessing = 0;
		};
/* End PBXFrameworksBuildPhase section */

/* Begin PBXGroup section */
		EE00817F21AA4AD600DCC7FC = {
			isa = PBXGroup;
			children = (
				EE00818A21AA4AD600DCC7FC /* TestsOnCustomCAProperty */,
				EE00818921AA4AD600DCC7FC /* Products */,
			);
			sourceTree = "<group>";
		};
		EE00818921AA4AD600DCC7FC /* Products */ = {
			isa = PBXGroup;
			children = (
				EE00818821AA4AD600DCC7FC /* TestsOnCustomCAProperty.app */,
			);
			name = Products;
			sourceTree = "<group>";
		};
		EE00818A21AA4AD600DCC7FC /* TestsOnCustomCAProperty */ = {
			isa = PBXGroup;
			children = (
				EE00818B21AA4AD600DCC7FC /* AppDelegate.swift */,
				EE00818D21AA4AD600DCC7FC /* ViewController.swift */,
				EE00819D21AA4B2600DCC7FC /* MyCALayer.swift */,
				EE00818F21AA4AD600DCC7FC /* Main.storyboard */,
				EE00819221AA4AD600DCC7FC /* Assets.xcassets */,
				EE00819421AA4AD600DCC7FC /* LaunchScreen.storyboard */,
				EE00819721AA4AD600DCC7FC /* Info.plist */,
			);
			path = TestsOnCustomCAProperty;
			sourceTree = "<group>";
		};
/* End PBXGroup section */

/* Begin PBXNativeTarget section */
		EE00818721AA4AD600DCC7FC /* TestsOnCustomCAProperty */ = {
			isa = PBXNativeTarget;
			buildConfigurationList = EE00819A21AA4AD600DCC7FC /* Build configuration list for PBXNativeTarget "TestsOnCustomCAProperty" */;
			buildPhases = (
				EE00818421AA4AD600DCC7FC /* Sources */,
				EE00818521AA4AD600DCC7FC /* Frameworks */,
				EE00818621AA4AD600DCC7FC /* Resources */,
			);
			buildRules = (
			);
			dependencies = (
			);
			name = TestsOnCustomCAProperty;
			productName = TestsOnCustomCAProperty;
			productReference = EE00818821AA4AD600DCC7FC /* TestsOnCustomCAProperty.app */;
			productType = "com.apple.product-type.application";
		};
/* End PBXNativeTarget section */

/* Begin PBXProject section */
		EE00818021AA4AD600DCC7FC /* Project object */ = {
			isa = PBXProject;
			attributes = {
				LastSwiftUpdateCheck = 0910;
				LastUpgradeCheck = 0910;
				ORGANIZATIONNAME = SeoGiwon;
				TargetAttributes = {
					EE00818721AA4AD600DCC7FC = {
						CreatedOnToolsVersion = 9.1;
						ProvisioningStyle = Automatic;
					};
				};
			};
			buildConfigurationList = EE00818321AA4AD600DCC7FC /* Build configuration list for PBXProject "TestsOnCustomCAProperty" */;
			compatibilityVersion = "Xcode 8.0";
			developmentRegion = en;
			hasScannedForEncodings = 0;
			knownRegions = (
				en,
				Base,
			);
			mainGroup = EE00817F21AA4AD600DCC7FC;
			productRefGroup = EE00818921AA4AD600DCC7FC /* Products */;
			projectDirPath = "";
			projectRoot = "";
			targets = (
				EE00818721AA4AD600DCC7FC /* TestsOnCustomCAProperty */,
			);
		};
/* End PBXProject section */

/* Begin PBXResourcesBuildPhase section */
		EE00818621AA4AD600DCC7FC /* Resources */ = {
			isa = PBXResourcesBuildPhase;
			buildActionMask = 2147483647;
			files = (
				EE00819621AA4AD600DCC7FC /* LaunchScreen.storyboard in Resources */,
				EE00819321AA4AD600DCC7FC /* Assets.xcassets in Resources */,
				EE00819121AA4AD600DCC7FC /* Main.storyboard in Resources */,
			);
			runOnlyForDeploymentPostprocessing = 0;
		};
/* End PBXResourcesBuildPhase section */

/* Begin PBXSourcesBuildPhase section */
		EE00818421AA4AD600DCC7FC /* Sources */ = {
			isa = PBXSourcesBuildPhase;
			buildActionMask = 2147483647;
			files = (
				EE00818E21AA4AD600DCC7FC /* ViewController.swift in Sources */,
				EE00819E21AA4B2700DCC7FC /* MyCALayer.swift in Sources */,
				EE00818C21AA4AD600DCC7FC /* AppDelegate.swift in Sources */,
			);
			runOnlyForDeploymentPostprocessing = 0;
		};
/* End PBXSourcesBuildPhase section */

/* Begin PBXVariantGroup section */
		EE00818F21AA4AD600DCC7FC /* Main.storyboard */ = {
			isa = PBXVariantGroup;
			children = (
				EE00819021AA4AD600DCC7FC /* Base */,
			);
			name = Main.storyboard;
			sourceTree = "<group>";
		};
		EE00819421AA4AD600DCC7FC /* LaunchScreen.storyboard */ = {
			isa = PBXVariantGroup;
			children = (
				EE00819521AA4AD600DCC7FC /* Base */,
			);
			name = LaunchScreen.storyboard;
			sourceTree = "<group>";
		};
/* End PBXVariantGroup section */

/* Begin XCBuildConfiguration section */
		EE00819821AA4AD600DCC7FC /* Debug */ = {
			isa = XCBuildConfiguration;
			buildSettings = {
				ALWAYS_SEARCH_USER_PATHS = NO;
				CLANG_ANALYZER_NONNULL = YES;
				CLANG_ANALYZER_NUMBER_OBJECT_CONVERSION = YES_AGGRESSIVE;
				CLANG_CXX_LANGUAGE_STANDARD = "gnu++14";
				CLANG_CXX_LIBRARY = "libc++";
				CLANG_ENABLE_MODULES = YES;
				CLANG_ENABLE_OBJC_ARC = YES;
				CLANG_WARN_BLOCK_CAPTURE_AUTORELEASING = YES;
				CLANG_WARN_BOOL_CONVERSION = YES;
				CLANG_WARN_COMMA = YES;
				CLANG_WARN_CONSTANT_CONVERSION = YES;
				CLANG_WARN_DIRECT_OBJC_ISA_USAGE = YES_ERROR;
				CLANG_WARN_DOCUMENTATION_COMMENTS = YES;
				CLANG_WARN_EMPTY_BODY = YES;
				CLANG_WARN_ENUM_CONVERSION = YES;
				CLANG_WARN_INFINITE_RECURSION = YES;
				CLANG_WARN_INT_CONVERSION = YES;
				CLANG_WARN_NON_LITERAL_NULL_CONVERSION = YES;
				CLANG_WARN_OBJC_LITERAL_CONVERSION = YES;
				CLANG_WARN_OBJC_ROOT_CLASS = YES_ERROR;
				CLANG_WARN_RANGE_LOOP_ANALYSIS = YES;
				CLANG_WARN_STRICT_PROTOTYPES = YES;
				CLANG_WARN_SUSPICIOUS_MOVE = YES;
				CLANG_WARN_UNGUARDED_AVAILABILITY = YES_AGGRESSIVE;
				CLANG_WARN_UNREACHABLE_CODE = YES;
				CLANG_WARN__DUPLICATE_METHOD_MATCH = YES;
				CODE_SIGN_IDENTITY = "iPhone Developer";
				COPY_PHASE_STRIP = NO;
				DEBUG_INFORMATION_FORMAT = dwarf;
				ENABLE_STRICT_OBJC_MSGSEND = YES;
				ENABLE_TESTABILITY = YES;
				GCC_C_LANGUAGE_STANDARD = gnu11;
				GCC_DYNAMIC_NO_PIC = NO;
				GCC_NO_COMMON_BLOCKS = YES;
				GCC_OPTIMIZATION_LEVEL = 0;
				GCC_PREPROCESSOR_DEFINITIONS = (
					"DEBUG=1",
					"$(inherited)",
				);
				GCC_WARN_64_TO_32_BIT_CONVERSION = YES;
				GCC_WARN_ABOUT_RETURN_TYPE = YES_ERROR;
				GCC_WARN_UNDECLARED_SELECTOR = YES;
				GCC_WARN_UNINITIALIZED_AUTOS = YES_AGGRESSIVE;
				GCC_WARN_UNUSED_FUNCTION = YES;
				GCC_WARN_UNUSED_VARIABLE = YES;
				IPHONEOS_DEPLOYMENT_TARGET = 11.1;
				MTL_ENABLE_DEBUG_INFO = YES;
				ONLY_ACTIVE_ARCH = YES;
				SDKROOT = iphoneos;
				SWIFT_ACTIVE_COMPILATION_CONDITIONS = DEBUG;
				SWIFT_OPTIMIZATION_LEVEL = "-Onone";
			};
			name = Debug;
		};
		EE00819921AA4AD600DCC7FC /* Release */ = {
			isa = XCBuildConfiguration;
			buildSettings = {
				ALWAYS_SEARCH_USER_PATHS = NO;
				CLANG_ANALYZER_NONNULL = YES;
				CLANG_ANALYZER_NUMBER_OBJECT_CONVERSION = YES_AGGRESSIVE;
				CLANG_CXX_LANGUAGE_STANDARD = "gnu++14";
				CLANG_CXX_LIBRARY = "libc++";
				CLANG_ENABLE_MODULES = YES;
				CLANG_ENABLE_OBJC_ARC = YES;
				CLANG_WARN_BLOCK_CAPTURE_AUTORELEASING = YES;
				CLANG_WARN_BOOL_CONVERSION = YES;
				CLANG_WARN_COMMA = YES;
				CLANG_WARN_CONSTANT_CONVERSION = YES;
				CLANG_WARN_DIRECT_OBJC_ISA_USAGE = YES_ERROR;
				CLANG_WARN_DOCUMENTATION_COMMENTS = YES;
				CLANG_WARN_EMPTY_BODY = YES;
				CLANG_WARN_ENUM_CONVERSION = YES;
				CLANG_WARN_INFINITE_RECURSION = YES;
				CLANG_WARN_INT_CONVERSION = YES;
				CLANG_WARN_NON_LITERAL_NULL_CONVERSION = YES;
				CLANG_WARN_OBJC_LITERAL_CONVERSION = YES;
				CLANG_WARN_OBJC_ROOT_CLASS = YES_ERROR;
				CLANG_WARN_RANGE_LOOP_ANALYSIS = YES;
				CLANG_WARN_STRICT_PROTOTYPES = YES;
				CLANG_WARN_SUSPICIOUS_MOVE = YES;
				CLANG_WARN_UNGUARDED_AVAILABILITY = YES_AGGRESSIVE;
				CLANG_WARN_UNREACHABLE_CODE = YES;
				CLANG_WARN__DUPLICATE_METHOD_MATCH = YES;
				CODE_SIGN_IDENTITY = "iPhone Developer";
				COPY_PHASE_STRIP = NO;
				DEBUG_INFORMATION_FORMAT = "dwarf-with-dsym";
				ENABLE_NS_ASSERTIONS = NO;
				ENABLE_STRICT_OBJC_MSGSEND = YES;
				GCC_C_LANGUAGE_STANDARD = gnu11;
				GCC_NO_COMMON_BLOCKS = YES;
				GCC_WARN_64_TO_32_BIT_CONVERSION = YES;
				GCC_WARN_ABOUT_RETURN_TYPE = YES_ERROR;
				GCC_WARN_UNDECLARED_SELECTOR = YES;
				GCC_WARN_UNINITIALIZED_AUTOS = YES_AGGRESSIVE;
				GCC_WARN_UNUSED_FUNCTION = YES;
				GCC_WARN_UNUSED_VARIABLE = YES;
				IPHONEOS_DEPLOYMENT_TARGET = 11.1;
				MTL_ENABLE_DEBUG_INFO = NO;
				SDKROOT = iphoneos;
				SWIFT_OPTIMIZATION_LEVEL = "-Owholemodule";
				VALIDATE_PRODUCT = YES;
			};
			name = Release;
		};
		EE00819B21AA4AD600DCC7FC /* Debug */ = {
			isa = XCBuildConfiguration;
			buildSettings = {
				ASSETCATALOG_COMPILER_APPICON_NAME = AppIcon;
				CODE_SIGN_STYLE = Automatic;
				DEVELOPMENT_TEAM = 8LSJUN2G6D;
				INFOPLIST_FILE = TestsOnCustomCAProperty/Info.plist;
				LD_RUNPATH_SEARCH_PATHS = "$(inherited) @executable_path/Frameworks";
				PRODUCT_BUNDLE_IDENTIFIER = softv.TestsOnCustomCAProperty;
				PRODUCT_NAME = "$(TARGET_NAME)";
				SWIFT_VERSION = 4.0;
				TARGETED_DEVICE_FAMILY = "1,2";
			};
			name = Debug;
		};
		EE00819C21AA4AD600DCC7FC /* Release */ = {
			isa = XCBuildConfiguration;
			buildSettings = {
				ASSETCATALOG_COMPILER_APPICON_NAME = AppIcon;
				CODE_SIGN_STYLE = Automatic;
				DEVELOPMENT_TEAM = 8LSJUN2G6D;
				INFOPLIST_FILE = TestsOnCustomCAProperty/Info.plist;
				LD_RUNPATH_SEARCH_PATHS = "$(inherited) @executable_path/Frameworks";
				PRODUCT_BUNDLE_IDENTIFIER = softv.TestsOnCustomCAProperty;
				PRODUCT_NAME = "$(TARGET_NAME)";
				SWIFT_VERSION = 4.0;
				TARGETED_DEVICE_FAMILY = "1,2";
			};
			name = Release;
		};
/* End XCBuildConfiguration section */

/* Begin XCConfigurationList section */
		EE00818321AA4AD600DCC7FC /* Build configuration list for PBXProject "TestsOnCustomCAProperty" */ = {
			isa = XCConfigurationList;
			buildConfigurations = (
				EE00819821AA4AD600DCC7FC /* Debug */,
				EE00819921AA4AD600DCC7FC /* Release */,
			);
			defaultConfigurationIsVisible = 0;
			defaultConfigurationName = Release;
		};
		EE00819A21AA4AD600DCC7FC /* Build configuration list for PBXNativeTarget "TestsOnCustomCAProperty" */ = {
			isa = XCConfigurationList;
			buildConfigurations = (
				EE00819B21AA4AD600DCC7FC /* Debug */,
				EE00819C21AA4AD600DCC7FC /* Release */,
			);
			defaultConfigurationIsVisible = 0;
			defaultConfigurationName = Release;
		};
/* End XCConfigurationList section */
	};
	rootObject = EE00818021AA4AD600DCC7FC /* Project object */;
}
