// !$*UTF8*$!
{
	archiveVersion = 1;
	classes = {
	};
	objectVersion = 48;
	objects = {

/* Begin PBXBuildFile section */
		EE14044D20B3D81000F28735 /* AppDelegate.swift in Sources */ = {isa = PBXBuildFile; fileRef = EE14044C20B3D81000F28735 /* AppDelegate.swift */; };
		EE14044F20B3D81000F28735 /* ViewController.swift in Sources */ = {isa = PBXBuildFile; fileRef = EE14044E20B3D81000F28735 /* ViewController.swift */; };
		EE14045220B3D81000F28735 /* Main.storyboard in Resources */ = {isa = PBXBuildFile; fileRef = EE14045020B3D81000F28735 /* Main.storyboard */; };
		EE14045420B3D81000F28735 /* Assets.xcassets in Resources */ = {isa = PBXBuildFile; fileRef = EE14045320B3D81000F28735 /* Assets.xcassets */; };
		EE14045720B3D81000F28735 /* LaunchScreen.storyboard in Resources */ = {isa = PBXBuildFile; fileRef = EE14045520B3D81000F28735 /* LaunchScreen.storyboard */; };
		EE14045F20B3D8B900F28735 /* CustomAlertViewController.swift in Sources */ = {isa = PBXBuildFile; fileRef = EE14045E20B3D8B900F28735 /* CustomAlertViewController.swift */; };
/* End PBXBuildFile section */

/* Begin PBXFileReference section */
		EE14044920B3D81000F28735 /* TestOnCustomAlertView.app */ = {isa = PBXFileReference; explicitFileType = wrapper.application; includeInIndex = 0; path = TestOnCustomAlertView.app; sourceTree = BUILT_PRODUCTS_DIR; };
		EE14044C20B3D81000F28735 /* AppDelegate.swift */ = {isa = PBXFileReference; lastKnownFileType = sourcecode.swift; path = AppDelegate.swift; sourceTree = "<group>"; };
		EE14044E20B3D81000F28735 /* ViewController.swift */ = {isa = PBXFileReference; lastKnownFileType = sourcecode.swift; path = ViewController.swift; sourceTree = "<group>"; };
		EE14045120B3D81000F28735 /* Base */ = {isa = PBXFileReference; lastKnownFileType = file.storyboard; name = Base; path = Base.lproj/Main.storyboard; sourceTree = "<group>"; };
		EE14045320B3D81000F28735 /* Assets.xcassets */ = {isa = PBXFileReference; lastKnownFileType = folder.assetcatalog; path = Assets.xcassets; sourceTree = "<group>"; };
		EE14045620B3D81000F28735 /* Base */ = {isa = PBXFileReference; lastKnownFileType = file.storyboard; name = Base; path = Base.lproj/LaunchScreen.storyboard; sourceTree = "<group>"; };
		EE14045820B3D81000F28735 /* Info.plist */ = {isa = PBXFileReference; lastKnownFileType = text.plist.xml; path = Info.plist; sourceTree = "<group>"; };
		EE14045E20B3D8B900F28735 /* CustomAlertViewController.swift */ = {isa = PBXFileReference; lastKnownFileType = sourcecode.swift; path = CustomAlertViewController.swift; sourceTree = "<group>"; };
/* End PBXFileReference section */

/* Begin PBXFrameworksBuildPhase section */
		EE14044620B3D81000F28735 /* Frameworks */ = {
			isa = PBXFrameworksBuildPhase;
			buildActionMask = 2147483647;
			files = (
			);
			runOnlyForDeploymentPostprocessing = 0;
		};
/* End PBXFrameworksBuildPhase section */

/* Begin PBXGroup section */
		EE14044020B3D81000F28735 = {
			isa = PBXGroup;
			children = (
				EE14044B20B3D81000F28735 /* TestOnCustomAlertView */,
				EE14044A20B3D81000F28735 /* Products */,
			);
			sourceTree = "<group>";
		};
		EE14044A20B3D81000F28735 /* Products */ = {
			isa = PBXGroup;
			children = (
				EE14044920B3D81000F28735 /* TestOnCustomAlertView.app */,
			);
			name = Products;
			sourceTree = "<group>";
		};
		EE14044B20B3D81000F28735 /* TestOnCustomAlertView */ = {
			isa = PBXGroup;
			children = (
				EE14044C20B3D81000F28735 /* AppDelegate.swift */,
				EE14044E20B3D81000F28735 /* ViewController.swift */,
				EE14045E20B3D8B900F28735 /* CustomAlertViewController.swift */,
				EE14045020B3D81000F28735 /* Main.storyboard */,
				EE14045320B3D81000F28735 /* Assets.xcassets */,
				EE14045520B3D81000F28735 /* LaunchScreen.storyboard */,
				EE14045820B3D81000F28735 /* Info.plist */,
			);
			path = TestOnCustomAlertView;
			sourceTree = "<group>";
		};
/* End PBXGroup section */

/* Begin PBXNativeTarget section */
		EE14044820B3D81000F28735 /* TestOnCustomAlertView */ = {
			isa = PBXNativeTarget;
			buildConfigurationList = EE14045B20B3D81000F28735 /* Build configuration list for PBXNativeTarget "TestOnCustomAlertView" */;
			buildPhases = (
				EE14044520B3D81000F28735 /* Sources */,
				EE14044620B3D81000F28735 /* Frameworks */,
				EE14044720B3D81000F28735 /* Resources */,
			);
			buildRules = (
			);
			dependencies = (
			);
			name = TestOnCustomAlertView;
			productName = TestOnCustomAlertView;
			productReference = EE14044920B3D81000F28735 /* TestOnCustomAlertView.app */;
			productType = "com.apple.product-type.application";
		};
/* End PBXNativeTarget section */

/* Begin PBXProject section */
		EE14044120B3D81000F28735 /* Project object */ = {
			isa = PBXProject;
			attributes = {
				LastSwiftUpdateCheck = 0910;
				LastUpgradeCheck = 0910;
				ORGANIZATIONNAME = SeoGiwon;
				TargetAttributes = {
					EE14044820B3D81000F28735 = {
						CreatedOnToolsVersion = 9.1;
						ProvisioningStyle = Automatic;
					};
				};
			};
			buildConfigurationList = EE14044420B3D81000F28735 /* Build configuration list for PBXProject "TestOnCustomAlertView" */;
			compatibilityVersion = "Xcode 8.0";
			developmentRegion = en;
			hasScannedForEncodings = 0;
			knownRegions = (
				en,
				Base,
			);
			mainGroup = EE14044020B3D81000F28735;
			productRefGroup = EE14044A20B3D81000F28735 /* Products */;
			projectDirPath = "";
			projectRoot = "";
			targets = (
				EE14044820B3D81000F28735 /* TestOnCustomAlertView */,
			);
		};
/* End PBXProject section */

/* Begin PBXResourcesBuildPhase section */
		EE14044720B3D81000F28735 /* Resources */ = {
			isa = PBXResourcesBuildPhase;
			buildActionMask = 2147483647;
			files = (
				EE14045720B3D81000F28735 /* LaunchScreen.storyboard in Resources */,
				EE14045420B3D81000F28735 /* Assets.xcassets in Resources */,
				EE14045220B3D81000F28735 /* Main.storyboard in Resources */,
			);
			runOnlyForDeploymentPostprocessing = 0;
		};
/* End PBXResourcesBuildPhase section */

/* Begin PBXSourcesBuildPhase section */
		EE14044520B3D81000F28735 /* Sources */ = {
			isa = PBXSourcesBuildPhase;
			buildActionMask = 2147483647;
			files = (
				EE14044F20B3D81000F28735 /* ViewController.swift in Sources */,
				EE14044D20B3D81000F28735 /* AppDelegate.swift in Sources */,
				EE14045F20B3D8B900F28735 /* CustomAlertViewController.swift in Sources */,
			);
			runOnlyForDeploymentPostprocessing = 0;
		};
/* End PBXSourcesBuildPhase section */

/* Begin PBXVariantGroup section */
		EE14045020B3D81000F28735 /* Main.storyboard */ = {
			isa = PBXVariantGroup;
			children = (
				EE14045120B3D81000F28735 /* Base */,
			);
			name = Main.storyboard;
			sourceTree = "<group>";
		};
		EE14045520B3D81000F28735 /* LaunchScreen.storyboard */ = {
			isa = PBXVariantGroup;
			children = (
				EE14045620B3D81000F28735 /* Base */,
			);
			name = LaunchScreen.storyboard;
			sourceTree = "<group>";
		};
/* End PBXVariantGroup section */

/* Begin XCBuildConfiguration section */
		EE14045920B3D81000F28735 /* Debug */ = {
			isa = XCBuildConfiguration;
			buildSettings = {
				ALWAYS_SEARCH_USER_PATHS = NO;
				CLANG_ANALYZER_NONNULL = YES;
				CLANG_ANALYZER_NUMBER_OBJECT_CONVERSION = YES_AGGRESSIVE;
				CLANG_CXX_LANGUAGE_STANDARD = "gnu++14";
				CLANG_CXX_LIBRARY = "libc++";
				CLANG_ENABLE_MODULES = YES;
				CLANG_ENABLE_OBJC_ARC = YES;
				CLANG_WARN_BLOCK_CAPTURE_AUTORELEASING = YES;
				CLANG_WARN_BOOL_CONVERSION = YES;
				CLANG_WARN_COMMA = YES;
				CLANG_WARN_CONSTANT_CONVERSION = YES;
				CLANG_WARN_DIRECT_OBJC_ISA_USAGE = YES_ERROR;
				CLANG_WARN_DOCUMENTATION_COMMENTS = YES;
				CLANG_WARN_EMPTY_BODY = YES;
				CLANG_WARN_ENUM_CONVERSION = YES;
				CLANG_WARN_INFINITE_RECURSION = YES;
				CLANG_WARN_INT_CONVERSION = YES;
				CLANG_WARN_NON_LITERAL_NULL_CONVERSION = YES;
				CLANG_WARN_OBJC_LITERAL_CONVERSION = YES;
				CLANG_WARN_OBJC_ROOT_CLASS = YES_ERROR;
				CLANG_WARN_RANGE_LOOP_ANALYSIS = YES;
				CLANG_WARN_STRICT_PROTOTYPES = YES;
				CLANG_WARN_SUSPICIOUS_MOVE = YES;
				CLANG_WARN_UNGUARDED_AVAILABILITY = YES_AGGRESSIVE;
				CLANG_WARN_UNREACHABLE_CODE = YES;
				CLANG_WARN__DUPLICATE_METHOD_MATCH = YES;
				CODE_SIGN_IDENTITY = "iPhone Developer";
				COPY_PHASE_STRIP = NO;
				DEBUG_INFORMATION_FORMAT = dwarf;
				ENABLE_STRICT_OBJC_MSGSEND = YES;
				ENABLE_TESTABILITY = YES;
				GCC_C_LANGUAGE_STANDARD = gnu11;
				GCC_DYNAMIC_NO_PIC = NO;
				GCC_NO_COMMON_BLOCKS = YES;
				GCC_OPTIMIZATION_LEVEL = 0;
				GCC_PREPROCESSOR_DEFINITIONS = (
					"DEBUG=1",
					"$(inherited)",
				);
				GCC_WARN_64_TO_32_BIT_CONVERSION = YES;
				GCC_WARN_ABOUT_RETURN_TYPE = YES_ERROR;
				GCC_WARN_UNDECLARED_SELECTOR = YES;
				GCC_WARN_UNINITIALIZED_AUTOS = YES_AGGRESSIVE;
				GCC_WARN_UNUSED_FUNCTION = YES;
				GCC_WARN_UNUSED_VARIABLE = YES;
				IPHONEOS_DEPLOYMENT_TARGET = 11.1;
				MTL_ENABLE_DEBUG_INFO = YES;
				ONLY_ACTIVE_ARCH = YES;
				SDKROOT = iphoneos;
				SWIFT_ACTIVE_COMPILATION_CONDITIONS = DEBUG;
				SWIFT_OPTIMIZATION_LEVEL = "-Onone";
			};
			name = Debug;
		};
		EE14045A20B3D81000F28735 /* Release */ = {
			isa = XCBuildConfiguration;
			buildSettings = {
				ALWAYS_SEARCH_USER_PATHS = NO;
				CLANG_ANALYZER_NONNULL = YES;
				CLANG_ANALYZER_NUMBER_OBJECT_CONVERSION = YES_AGGRESSIVE;
				CLANG_CXX_LANGUAGE_STANDARD = "gnu++14";
				CLANG_CXX_LIBRARY = "libc++";
				CLANG_ENABLE_MODULES = YES;
				CLANG_ENABLE_OBJC_ARC = YES;
				CLANG_WARN_BLOCK_CAPTURE_AUTORELEASING = YES;
				CLANG_WARN_BOOL_CONVERSION = YES;
				CLANG_WARN_COMMA = YES;
				CLANG_WARN_CONSTANT_CONVERSION = YES;
				CLANG_WARN_DIRECT_OBJC_ISA_USAGE = YES_ERROR;
				CLANG_WARN_DOCUMENTATION_COMMENTS = YES;
				CLANG_WARN_EMPTY_BODY = YES;
				CLANG_WARN_ENUM_CONVERSION = YES;
				CLANG_WARN_INFINITE_RECURSION = YES;
				CLANG_WARN_INT_CONVERSION = YES;
				CLANG_WARN_NON_LITERAL_NULL_CONVERSION = YES;
				CLANG_WARN_OBJC_LITERAL_CONVERSION = YES;
				CLANG_WARN_OBJC_ROOT_CLASS = YES_ERROR;
				CLANG_WARN_RANGE_LOOP_ANALYSIS = YES;
				CLANG_WARN_STRICT_PROTOTYPES = YES;
				CLANG_WARN_SUSPICIOUS_MOVE = YES;
				CLANG_WARN_UNGUARDED_AVAILABILITY = YES_AGGRESSIVE;
				CLANG_WARN_UNREACHABLE_CODE = YES;
				CLANG_WARN__DUPLICATE_METHOD_MATCH = YES;
				CODE_SIGN_IDENTITY = "iPhone Developer";
				COPY_PHASE_STRIP = NO;
				DEBUG_INFORMATION_FORMAT = "dwarf-with-dsym";
				ENABLE_NS_ASSERTIONS = NO;
				ENABLE_STRICT_OBJC_MSGSEND = YES;
				GCC_C_LANGUAGE_STANDARD = gnu11;
				GCC_NO_COMMON_BLOCKS = YES;
				GCC_WARN_64_TO_32_BIT_CONVERSION = YES;
				GCC_WARN_ABOUT_RETURN_TYPE = YES_ERROR;
				GCC_WARN_UNDECLARED_SELECTOR = YES;
				GCC_WARN_UNINITIALIZED_AUTOS = YES_AGGRESSIVE;
				GCC_WARN_UNUSED_FUNCTION = YES;
				GCC_WARN_UNUSED_VARIABLE = YES;
				IPHONEOS_DEPLOYMENT_TARGET = 11.1;
				MTL_ENABLE_DEBUG_INFO = NO;
				SDKROOT = iphoneos;
				SWIFT_OPTIMIZATION_LEVEL = "-Owholemodule";
				VALIDATE_PRODUCT = YES;
			};
			name = Release;
		};
		EE14045C20B3D81000F28735 /* Debug */ = {
			isa = XCBuildConfiguration;
			buildSettings = {
				ASSETCATALOG_COMPILER_APPICON_NAME = AppIcon;
				CODE_SIGN_STYLE = Automatic;
				DEVELOPMENT_TEAM = 8LSJUN2G6D;
				INFOPLIST_FILE = TestOnCustomAlertView/Info.plist;
				LD_RUNPATH_SEARCH_PATHS = "$(inherited) @executable_path/Frameworks";
				PRODUCT_BUNDLE_IDENTIFIER = softv.TestOnCustomAlertView;
				PRODUCT_NAME = "$(TARGET_NAME)";
				SWIFT_VERSION = 4.0;
				TARGETED_DEVICE_FAMILY = "1,2";
			};
			name = Debug;
		};
		EE14045D20B3D81000F28735 /* Release */ = {
			isa = XCBuildConfiguration;
			buildSettings = {
				ASSETCATALOG_COMPILER_APPICON_NAME = AppIcon;
				CODE_SIGN_STYLE = Automatic;
				DEVELOPMENT_TEAM = 8LSJUN2G6D;
				INFOPLIST_FILE = TestOnCustomAlertView/Info.plist;
				LD_RUNPATH_SEARCH_PATHS = "$(inherited) @executable_path/Frameworks";
				PRODUCT_BUNDLE_IDENTIFIER = softv.TestOnCustomAlertView;
				PRODUCT_NAME = "$(TARGET_NAME)";
				SWIFT_VERSION = 4.0;
				TARGETED_DEVICE_FAMILY = "1,2";
			};
			name = Release;
		};
/* End XCBuildConfiguration section */

/* Begin XCConfigurationList section */
		EE14044420B3D81000F28735 /* Build configuration list for PBXProject "TestOnCustomAlertView" */ = {
			isa = XCConfigurationList;
			buildConfigurations = (
				EE14045920B3D81000F28735 /* Debug */,
				EE14045A20B3D81000F28735 /* Release */,
			);
			defaultConfigurationIsVisible = 0;
			defaultConfigurationName = Release;
		};
		EE14045B20B3D81000F28735 /* Build configuration list for PBXNativeTarget "TestOnCustomAlertView" */ = {
			isa = XCConfigurationList;
			buildConfigurations = (
				EE14045C20B3D81000F28735 /* Debug */,
				EE14045D20B3D81000F28735 /* Release */,
			);
			defaultConfigurationIsVisible = 0;
			defaultConfigurationName = Release;
		};
/* End XCConfigurationList section */
	};
	rootObject = EE14044120B3D81000F28735 /* Project object */;
}
