// !$*UTF8*$!
{
	archiveVersion = 1;
	classes = {
	};
	objectVersion = 48;
	objects = {

/* Begin PBXBuildFile section */
		EE529C402073B83C001B9EE9 /* AppDelegate.swift in Sources */ = {isa = PBXBuildFile; fileRef = EE529C3F2073B83C001B9EE9 /* AppDelegate.swift */; };
		EE529C422073B83C001B9EE9 /* ViewController.swift in Sources */ = {isa = PBXBuildFile; fileRef = EE529C412073B83C001B9EE9 /* ViewController.swift */; };
		EE529C452073B83C001B9EE9 /* Main.storyboard in Resources */ = {isa = PBXBuildFile; fileRef = EE529C432073B83C001B9EE9 /* Main.storyboard */; };
		EE529C472073B83C001B9EE9 /* Assets.xcassets in Resources */ = {isa = PBXBuildFile; fileRef = EE529C462073B83C001B9EE9 /* Assets.xcassets */; };
		EE529C4A2073B83C001B9EE9 /* LaunchScreen.storyboard in Resources */ = {isa = PBXBuildFile; fileRef = EE529C482073B83C001B9EE9 /* LaunchScreen.storyboard */; };
		EE529C522073B857001B9EE9 /* cat.jpeg in Resources */ = {isa = PBXBuildFile; fileRef = EE529C512073B857001B9EE9 /* cat.jpeg */; };
		EE529C542073BB30001B9EE9 /* SplitUpScrollView.swift in Sources */ = {isa = PBXBuildFile; fileRef = EE529C532073BB2F001B9EE9 /* SplitUpScrollView.swift */; };
		EE74F9C82073BCD8003233D0 /* UIImage+Extension.swift in Sources */ = {isa = PBXBuildFile; fileRef = EE74F9C72073BCD8003233D0 /* UIImage+Extension.swift */; };
/* End PBXBuildFile section */

/* Begin PBXFileReference section */
		EE529C3C2073B83C001B9EE9 /* TestsOnScrollViewSubViews.app */ = {isa = PBXFileReference; explicitFileType = wrapper.application; includeInIndex = 0; path = TestsOnScrollViewSubViews.app; sourceTree = BUILT_PRODUCTS_DIR; };
		EE529C3F2073B83C001B9EE9 /* AppDelegate.swift */ = {isa = PBXFileReference; lastKnownFileType = sourcecode.swift; path = AppDelegate.swift; sourceTree = "<group>"; };
		EE529C412073B83C001B9EE9 /* ViewController.swift */ = {isa = PBXFileReference; lastKnownFileType = sourcecode.swift; path = ViewController.swift; sourceTree = "<group>"; };
		EE529C442073B83C001B9EE9 /* Base */ = {isa = PBXFileReference; lastKnownFileType = file.storyboard; name = Base; path = Base.lproj/Main.storyboard; sourceTree = "<group>"; };
		EE529C462073B83C001B9EE9 /* Assets.xcassets */ = {isa = PBXFileReference; lastKnownFileType = folder.assetcatalog; path = Assets.xcassets; sourceTree = "<group>"; };
		EE529C492073B83C001B9EE9 /* Base */ = {isa = PBXFileReference; lastKnownFileType = file.storyboard; name = Base; path = Base.lproj/LaunchScreen.storyboard; sourceTree = "<group>"; };
		EE529C4B2073B83C001B9EE9 /* Info.plist */ = {isa = PBXFileReference; lastKnownFileType = text.plist.xml; path = Info.plist; sourceTree = "<group>"; };
		EE529C512073B857001B9EE9 /* cat.jpeg */ = {isa = PBXFileReference; lastKnownFileType = image.jpeg; path = cat.jpeg; sourceTree = "<group>"; };
		EE529C532073BB2F001B9EE9 /* SplitUpScrollView.swift */ = {isa = PBXFileReference; fileEncoding = 4; lastKnownFileType = sourcecode.swift; path = SplitUpScrollView.swift; sourceTree = "<group>"; };
		EE74F9C72073BCD8003233D0 /* UIImage+Extension.swift */ = {isa = PBXFileReference; fileEncoding = 4; lastKnownFileType = sourcecode.swift; path = "UIImage+Extension.swift"; sourceTree = "<group>"; };
/* End PBXFileReference section */

/* Begin PBXFrameworksBuildPhase section */
		EE529C392073B83C001B9EE9 /* Frameworks */ = {
			isa = PBXFrameworksBuildPhase;
			buildActionMask = 2147483647;
			files = (
			);
			runOnlyForDeploymentPostprocessing = 0;
		};
/* End PBXFrameworksBuildPhase section */

/* Begin PBXGroup section */
		EE529C332073B83C001B9EE9 = {
			isa = PBXGroup;
			children = (
				EE529C3E2073B83C001B9EE9 /* TestsOnScrollViewSubViews */,
				EE529C3D2073B83C001B9EE9 /* Products */,
			);
			sourceTree = "<group>";
		};
		EE529C3D2073B83C001B9EE9 /* Products */ = {
			isa = PBXGroup;
			children = (
				EE529C3C2073B83C001B9EE9 /* TestsOnScrollViewSubViews.app */,
			);
			name = Products;
			sourceTree = "<group>";
		};
		EE529C3E2073B83C001B9EE9 /* TestsOnScrollViewSubViews */ = {
			isa = PBXGroup;
			children = (
				EE74F9C72073BCD8003233D0 /* UIImage+Extension.swift */,
				EE529C512073B857001B9EE9 /* cat.jpeg */,
				EE529C3F2073B83C001B9EE9 /* AppDelegate.swift */,
				EE529C412073B83C001B9EE9 /* ViewController.swift */,
				EE529C532073BB2F001B9EE9 /* SplitUpScrollView.swift */,
				EE529C432073B83C001B9EE9 /* Main.storyboard */,
				EE529C462073B83C001B9EE9 /* Assets.xcassets */,
				EE529C482073B83C001B9EE9 /* LaunchScreen.storyboard */,
				EE529C4B2073B83C001B9EE9 /* Info.plist */,
			);
			path = TestsOnScrollViewSubViews;
			sourceTree = "<group>";
		};
/* End PBXGroup section */

/* Begin PBXNativeTarget section */
		EE529C3B2073B83C001B9EE9 /* TestsOnScrollViewSubViews */ = {
			isa = PBXNativeTarget;
			buildConfigurationList = EE529C4E2073B83C001B9EE9 /* Build configuration list for PBXNativeTarget "TestsOnScrollViewSubViews" */;
			buildPhases = (
				EE529C382073B83C001B9EE9 /* Sources */,
				EE529C392073B83C001B9EE9 /* Frameworks */,
				EE529C3A2073B83C001B9EE9 /* Resources */,
			);
			buildRules = (
			);
			dependencies = (
			);
			name = TestsOnScrollViewSubViews;
			productName = TestsOnScrollViewSubViews;
			productReference = EE529C3C2073B83C001B9EE9 /* TestsOnScrollViewSubViews.app */;
			productType = "com.apple.product-type.application";
		};
/* End PBXNativeTarget section */

/* Begin PBXProject section */
		EE529C342073B83C001B9EE9 /* Project object */ = {
			isa = PBXProject;
			attributes = {
				LastSwiftUpdateCheck = 0910;
				LastUpgradeCheck = 0910;
				ORGANIZATIONNAME = SeoGiwon;
				TargetAttributes = {
					EE529C3B2073B83C001B9EE9 = {
						CreatedOnToolsVersion = 9.1;
						ProvisioningStyle = Automatic;
					};
				};
			};
			buildConfigurationList = EE529C372073B83C001B9EE9 /* Build configuration list for PBXProject "TestsOnScrollViewSubViews" */;
			compatibilityVersion = "Xcode 8.0";
			developmentRegion = en;
			hasScannedForEncodings = 0;
			knownRegions = (
				en,
				Base,
			);
			mainGroup = EE529C332073B83C001B9EE9;
			productRefGroup = EE529C3D2073B83C001B9EE9 /* Products */;
			projectDirPath = "";
			projectRoot = "";
			targets = (
				EE529C3B2073B83C001B9EE9 /* TestsOnScrollViewSubViews */,
			);
		};
/* End PBXProject section */

/* Begin PBXResourcesBuildPhase section */
		EE529C3A2073B83C001B9EE9 /* Resources */ = {
			isa = PBXResourcesBuildPhase;
			buildActionMask = 2147483647;
			files = (
				EE529C4A2073B83C001B9EE9 /* LaunchScreen.storyboard in Resources */,
				EE529C472073B83C001B9EE9 /* Assets.xcassets in Resources */,
				EE529C522073B857001B9EE9 /* cat.jpeg in Resources */,
				EE529C452073B83C001B9EE9 /* Main.storyboard in Resources */,
			);
			runOnlyForDeploymentPostprocessing = 0;
		};
/* End PBXResourcesBuildPhase section */

/* Begin PBXSourcesBuildPhase section */
		EE529C382073B83C001B9EE9 /* Sources */ = {
			isa = PBXSourcesBuildPhase;
			buildActionMask = 2147483647;
			files = (
				EE529C422073B83C001B9EE9 /* ViewController.swift in Sources */,
				EE529C542073BB30001B9EE9 /* SplitUpScrollView.swift in Sources */,
				EE529C402073B83C001B9EE9 /* AppDelegate.swift in Sources */,
				EE74F9C82073BCD8003233D0 /* UIImage+Extension.swift in Sources */,
			);
			runOnlyForDeploymentPostprocessing = 0;
		};
/* End PBXSourcesBuildPhase section */

/* Begin PBXVariantGroup section */
		EE529C432073B83C001B9EE9 /* Main.storyboard */ = {
			isa = PBXVariantGroup;
			children = (
				EE529C442073B83C001B9EE9 /* Base */,
			);
			name = Main.storyboard;
			sourceTree = "<group>";
		};
		EE529C482073B83C001B9EE9 /* LaunchScreen.storyboard */ = {
			isa = PBXVariantGroup;
			children = (
				EE529C492073B83C001B9EE9 /* Base */,
			);
			name = LaunchScreen.storyboard;
			sourceTree = "<group>";
		};
/* End PBXVariantGroup section */

/* Begin XCBuildConfiguration section */
		EE529C4C2073B83C001B9EE9 /* Debug */ = {
			isa = XCBuildConfiguration;
			buildSettings = {
				ALWAYS_SEARCH_USER_PATHS = NO;
				CLANG_ANALYZER_NONNULL = YES;
				CLANG_ANALYZER_NUMBER_OBJECT_CONVERSION = YES_AGGRESSIVE;
				CLANG_CXX_LANGUAGE_STANDARD = "gnu++14";
				CLANG_CXX_LIBRARY = "libc++";
				CLANG_ENABLE_MODULES = YES;
				CLANG_ENABLE_OBJC_ARC = YES;
				CLANG_WARN_BLOCK_CAPTURE_AUTORELEASING = YES;
				CLANG_WARN_BOOL_CONVERSION = YES;
				CLANG_WARN_COMMA = YES;
				CLANG_WARN_CONSTANT_CONVERSION = YES;
				CLANG_WARN_DIRECT_OBJC_ISA_USAGE = YES_ERROR;
				CLANG_WARN_DOCUMENTATION_COMMENTS = YES;
				CLANG_WARN_EMPTY_BODY = YES;
				CLANG_WARN_ENUM_CONVERSION = YES;
				CLANG_WARN_INFINITE_RECURSION = YES;
				CLANG_WARN_INT_CONVERSION = YES;
				CLANG_WARN_NON_LITERAL_NULL_CONVERSION = YES;
				CLANG_WARN_OBJC_LITERAL_CONVERSION = YES;
				CLANG_WARN_OBJC_ROOT_CLASS = YES_ERROR;
				CLANG_WARN_RANGE_LOOP_ANALYSIS = YES;
				CLANG_WARN_STRICT_PROTOTYPES = YES;
				CLANG_WARN_SUSPICIOUS_MOVE = YES;
				CLANG_WARN_UNGUARDED_AVAILABILITY = YES_AGGRESSIVE;
				CLANG_WARN_UNREACHABLE_CODE = YES;
				CLANG_WARN__DUPLICATE_METHOD_MATCH = YES;
				CODE_SIGN_IDENTITY = "iPhone Developer";
				COPY_PHASE_STRIP = NO;
				DEBUG_INFORMATION_FORMAT = dwarf;
				ENABLE_STRICT_OBJC_MSGSEND = YES;
				ENABLE_TESTABILITY = YES;
				GCC_C_LANGUAGE_STANDARD = gnu11;
				GCC_DYNAMIC_NO_PIC = NO;
				GCC_NO_COMMON_BLOCKS = YES;
				GCC_OPTIMIZATION_LEVEL = 0;
				GCC_PREPROCESSOR_DEFINITIONS = (
					"DEBUG=1",
					"$(inherited)",
				);
				GCC_WARN_64_TO_32_BIT_CONVERSION = YES;
				GCC_WARN_ABOUT_RETURN_TYPE = YES_ERROR;
				GCC_WARN_UNDECLARED_SELECTOR = YES;
				GCC_WARN_UNINITIALIZED_AUTOS = YES_AGGRESSIVE;
				GCC_WARN_UNUSED_FUNCTION = YES;
				GCC_WARN_UNUSED_VARIABLE = YES;
				IPHONEOS_DEPLOYMENT_TARGET = 11.1;
				MTL_ENABLE_DEBUG_INFO = YES;
				ONLY_ACTIVE_ARCH = YES;
				SDKROOT = iphoneos;
				SWIFT_ACTIVE_COMPILATION_CONDITIONS = DEBUG;
				SWIFT_OPTIMIZATION_LEVEL = "-Onone";
			};
			name = Debug;
		};
		EE529C4D2073B83C001B9EE9 /* Release */ = {
			isa = XCBuildConfiguration;
			buildSettings = {
				ALWAYS_SEARCH_USER_PATHS = NO;
				CLANG_ANALYZER_NONNULL = YES;
				CLANG_ANALYZER_NUMBER_OBJECT_CONVERSION = YES_AGGRESSIVE;
				CLANG_CXX_LANGUAGE_STANDARD = "gnu++14";
				CLANG_CXX_LIBRARY = "libc++";
				CLANG_ENABLE_MODULES = YES;
				CLANG_ENABLE_OBJC_ARC = YES;
				CLANG_WARN_BLOCK_CAPTURE_AUTORELEASING = YES;
				CLANG_WARN_BOOL_CONVERSION = YES;
				CLANG_WARN_COMMA = YES;
				CLANG_WARN_CONSTANT_CONVERSION = YES;
				CLANG_WARN_DIRECT_OBJC_ISA_USAGE = YES_ERROR;
				CLANG_WARN_DOCUMENTATION_COMMENTS = YES;
				CLANG_WARN_EMPTY_BODY = YES;
				CLANG_WARN_ENUM_CONVERSION = YES;
				CLANG_WARN_INFINITE_RECURSION = YES;
				CLANG_WARN_INT_CONVERSION = YES;
				CLANG_WARN_NON_LITERAL_NULL_CONVERSION = YES;
				CLANG_WARN_OBJC_LITERAL_CONVERSION = YES;
				CLANG_WARN_OBJC_ROOT_CLASS = YES_ERROR;
				CLANG_WARN_RANGE_LOOP_ANALYSIS = YES;
				CLANG_WARN_STRICT_PROTOTYPES = YES;
				CLANG_WARN_SUSPICIOUS_MOVE = YES;
				CLANG_WARN_UNGUARDED_AVAILABILITY = YES_AGGRESSIVE;
				CLANG_WARN_UNREACHABLE_CODE = YES;
				CLANG_WARN__DUPLICATE_METHOD_MATCH = YES;
				CODE_SIGN_IDENTITY = "iPhone Developer";
				COPY_PHASE_STRIP = NO;
				DEBUG_INFORMATION_FORMAT = "dwarf-with-dsym";
				ENABLE_NS_ASSERTIONS = NO;
				ENABLE_STRICT_OBJC_MSGSEND = YES;
				GCC_C_LANGUAGE_STANDARD = gnu11;
				GCC_NO_COMMON_BLOCKS = YES;
				GCC_WARN_64_TO_32_BIT_CONVERSION = YES;
				GCC_WARN_ABOUT_RETURN_TYPE = YES_ERROR;
				GCC_WARN_UNDECLARED_SELECTOR = YES;
				GCC_WARN_UNINITIALIZED_AUTOS = YES_AGGRESSIVE;
				GCC_WARN_UNUSED_FUNCTION = YES;
				GCC_WARN_UNUSED_VARIABLE = YES;
				IPHONEOS_DEPLOYMENT_TARGET = 11.1;
				MTL_ENABLE_DEBUG_INFO = NO;
				SDKROOT = iphoneos;
				SWIFT_OPTIMIZATION_LEVEL = "-Owholemodule";
				VALIDATE_PRODUCT = YES;
			};
			name = Release;
		};
		EE529C4F2073B83C001B9EE9 /* Debug */ = {
			isa = XCBuildConfiguration;
			buildSettings = {
				ASSETCATALOG_COMPILER_APPICON_NAME = AppIcon;
				CODE_SIGN_STYLE = Automatic;
				DEVELOPMENT_TEAM = 8LSJUN2G6D;
				INFOPLIST_FILE = TestsOnScrollViewSubViews/Info.plist;
				LD_RUNPATH_SEARCH_PATHS = "$(inherited) @executable_path/Frameworks";
				PRODUCT_BUNDLE_IDENTIFIER = softv.TestsOnScrollViewSubViews;
				PRODUCT_NAME = "$(TARGET_NAME)";
				SWIFT_VERSION = 4.0;
				TARGETED_DEVICE_FAMILY = "1,2";
			};
			name = Debug;
		};
		EE529C502073B83C001B9EE9 /* Release */ = {
			isa = XCBuildConfiguration;
			buildSettings = {
				ASSETCATALOG_COMPILER_APPICON_NAME = AppIcon;
				CODE_SIGN_STYLE = Automatic;
				DEVELOPMENT_TEAM = 8LSJUN2G6D;
				INFOPLIST_FILE = TestsOnScrollViewSubViews/Info.plist;
				LD_RUNPATH_SEARCH_PATHS = "$(inherited) @executable_path/Frameworks";
				PRODUCT_BUNDLE_IDENTIFIER = softv.TestsOnScrollViewSubViews;
				PRODUCT_NAME = "$(TARGET_NAME)";
				SWIFT_VERSION = 4.0;
				TARGETED_DEVICE_FAMILY = "1,2";
			};
			name = Release;
		};
/* End XCBuildConfiguration section */

/* Begin XCConfigurationList section */
		EE529C372073B83C001B9EE9 /* Build configuration list for PBXProject "TestsOnScrollViewSubViews" */ = {
			isa = XCConfigurationList;
			buildConfigurations = (
				EE529C4C2073B83C001B9EE9 /* Debug */,
				EE529C4D2073B83C001B9EE9 /* Release */,
			);
			defaultConfigurationIsVisible = 0;
			defaultConfigurationName = Release;
		};
		EE529C4E2073B83C001B9EE9 /* Build configuration list for PBXNativeTarget "TestsOnScrollViewSubViews" */ = {
			isa = XCConfigurationList;
			buildConfigurations = (
				EE529C4F2073B83C001B9EE9 /* Debug */,
				EE529C502073B83C001B9EE9 /* Release */,
			);
			defaultConfigurationIsVisible = 0;
			defaultConfigurationName = Release;
		};
/* End XCConfigurationList section */
	};
	rootObject = EE529C342073B83C001B9EE9 /* Project object */;
}
